// !$*UTF8*$!
{
	archiveVersion = 1;
	classes = {
	};
	objectVersion = 60;
	objects = {

/* Begin PBXBuildFile section */
		08CBF8782B18468E007D3797 /* SaveJourneyCoordinator.swift in Sources */ = {isa = PBXBuildFile; fileRef = 08CBF8702B18468E007D3797 /* SaveJourneyCoordinator.swift */; };
		08CBF8792B18468E007D3797 /* AppCoordinator.swift in Sources */ = {isa = PBXBuildFile; fileRef = 08CBF8712B18468E007D3797 /* AppCoordinator.swift */; };
		08CBF87A2B18468E007D3797 /* RewindJourneyCoordinator.swift in Sources */ = {isa = PBXBuildFile; fileRef = 08CBF8722B18468E007D3797 /* RewindJourneyCoordinator.swift */; };
		08CBF87B2B18468E007D3797 /* HomeCoordinator.swift in Sources */ = {isa = PBXBuildFile; fileRef = 08CBF8732B18468E007D3797 /* HomeCoordinator.swift */; };
		08CBF87D2B18468E007D3797 /* SpotCoordinator.swift in Sources */ = {isa = PBXBuildFile; fileRef = 08CBF8752B18468E007D3797 /* SpotCoordinator.swift */; };
		08CBF87E2B18468E007D3797 /* SelectSongCoordinator.swift in Sources */ = {isa = PBXBuildFile; fileRef = 08CBF8762B18468E007D3797 /* SelectSongCoordinator.swift */; };
		08CBF87F2B18468E007D3797 /* Coordinator.swift in Sources */ = {isa = PBXBuildFile; fileRef = 08CBF8772B18468E007D3797 /* Coordinator.swift */; };
		DD0194E92B25C42E007CE082 /* Home in Frameworks */ = {isa = PBXBuildFile; productRef = DD0194E82B25C42E007CE082 /* Home */; };
		DD0194EB2B25C42E007CE082 /* NavigateMap in Frameworks */ = {isa = PBXBuildFile; productRef = DD0194EA2B25C42E007CE082 /* NavigateMap */; };
		DD0194EE2B25C434007CE082 /* JourneyList in Frameworks */ = {isa = PBXBuildFile; productRef = DD0194ED2B25C434007CE082 /* JourneyList */; };
		DD0194F12B25C43B007CE082 /* RewindJourney in Frameworks */ = {isa = PBXBuildFile; productRef = DD0194F02B25C43B007CE082 /* RewindJourney */; };
		DD0194F42B25C441007CE082 /* SaveJourney in Frameworks */ = {isa = PBXBuildFile; productRef = DD0194F32B25C441007CE082 /* SaveJourney */; };
		DD0194F72B25C448007CE082 /* SelectSong in Frameworks */ = {isa = PBXBuildFile; productRef = DD0194F62B25C448007CE082 /* SelectSong */; };
		DD0194FA2B25C44E007CE082 /* Spot in Frameworks */ = {isa = PBXBuildFile; productRef = DD0194F92B25C44E007CE082 /* Spot */; };
		DD73F8592B024C4900EE9BF2 /* AppDelegate.swift in Sources */ = {isa = PBXBuildFile; fileRef = DD73F8582B024C4900EE9BF2 /* AppDelegate.swift */; };
		DD73F85B2B024C4900EE9BF2 /* SceneDelegate.swift in Sources */ = {isa = PBXBuildFile; fileRef = DD73F85A2B024C4900EE9BF2 /* SceneDelegate.swift */; };
		DD73F8622B024C4B00EE9BF2 /* Assets.xcassets in Resources */ = {isa = PBXBuildFile; fileRef = DD73F8612B024C4B00EE9BF2 /* Assets.xcassets */; };
		DD73F8652B024C4B00EE9BF2 /* LaunchScreen.storyboard in Resources */ = {isa = PBXBuildFile; fileRef = DD73F8632B024C4B00EE9BF2 /* LaunchScreen.storyboard */; };
		DDBB292D2B310B1300A742CD /* MSCacheStorage in Frameworks */ = {isa = PBXBuildFile; productRef = DDBB292C2B310B1300A742CD /* MSCacheStorage */; };
		DDBB292F2B310B1300A742CD /* MSFetcher in Frameworks */ = {isa = PBXBuildFile; productRef = DDBB292E2B310B1300A742CD /* MSFetcher */; };
		DDBB29312B310B1300A742CD /* MSImageFetcher in Frameworks */ = {isa = PBXBuildFile; productRef = DDBB29302B310B1300A742CD /* MSImageFetcher */; };
		DDBB29332B310B1300A742CD /* MSKeychainStorage in Frameworks */ = {isa = PBXBuildFile; productRef = DDBB29322B310B1300A742CD /* MSKeychainStorage */; };
		DDBB29352B310B1300A742CD /* MSNetworking in Frameworks */ = {isa = PBXBuildFile; productRef = DDBB29342B310B1300A742CD /* MSNetworking */; };
		DDBB29372B310B1300A742CD /* MSPersistentStorage in Frameworks */ = {isa = PBXBuildFile; productRef = DDBB29362B310B1300A742CD /* MSPersistentStorage */; };
/* End PBXBuildFile section */

/* Begin PBXFileReference section */
		08CBF8702B18468E007D3797 /* SaveJourneyCoordinator.swift */ = {isa = PBXFileReference; fileEncoding = 4; lastKnownFileType = sourcecode.swift; path = SaveJourneyCoordinator.swift; sourceTree = "<group>"; };
		08CBF8712B18468E007D3797 /* AppCoordinator.swift */ = {isa = PBXFileReference; fileEncoding = 4; lastKnownFileType = sourcecode.swift; path = AppCoordinator.swift; sourceTree = "<group>"; };
		08CBF8722B18468E007D3797 /* RewindJourneyCoordinator.swift */ = {isa = PBXFileReference; fileEncoding = 4; lastKnownFileType = sourcecode.swift; path = RewindJourneyCoordinator.swift; sourceTree = "<group>"; };
		08CBF8732B18468E007D3797 /* HomeCoordinator.swift */ = {isa = PBXFileReference; fileEncoding = 4; lastKnownFileType = sourcecode.swift; path = HomeCoordinator.swift; sourceTree = "<group>"; };
		08CBF8752B18468E007D3797 /* SpotCoordinator.swift */ = {isa = PBXFileReference; fileEncoding = 4; lastKnownFileType = sourcecode.swift; path = SpotCoordinator.swift; sourceTree = "<group>"; };
		08CBF8762B18468E007D3797 /* SelectSongCoordinator.swift */ = {isa = PBXFileReference; fileEncoding = 4; lastKnownFileType = sourcecode.swift; path = SelectSongCoordinator.swift; sourceTree = "<group>"; };
		08CBF8772B18468E007D3797 /* Coordinator.swift */ = {isa = PBXFileReference; fileEncoding = 4; lastKnownFileType = sourcecode.swift; path = Coordinator.swift; sourceTree = "<group>"; };
		DD73F8552B024C4900EE9BF2 /* MusicSpot.app */ = {isa = PBXFileReference; explicitFileType = wrapper.application; includeInIndex = 0; path = MusicSpot.app; sourceTree = BUILT_PRODUCTS_DIR; };
		DD73F8582B024C4900EE9BF2 /* AppDelegate.swift */ = {isa = PBXFileReference; lastKnownFileType = sourcecode.swift; path = AppDelegate.swift; sourceTree = "<group>"; };
		DD73F85A2B024C4900EE9BF2 /* SceneDelegate.swift */ = {isa = PBXFileReference; lastKnownFileType = sourcecode.swift; path = SceneDelegate.swift; sourceTree = "<group>"; };
		DD73F8612B024C4B00EE9BF2 /* Assets.xcassets */ = {isa = PBXFileReference; lastKnownFileType = folder.assetcatalog; path = Assets.xcassets; sourceTree = "<group>"; };
		DD73F8642B024C4B00EE9BF2 /* Base */ = {isa = PBXFileReference; lastKnownFileType = file.storyboard; name = Base; path = Base.lproj/LaunchScreen.storyboard; sourceTree = "<group>"; };
		DD73F8662B024C4B00EE9BF2 /* Info.plist */ = {isa = PBXFileReference; lastKnownFileType = text.plist.xml; path = Info.plist; sourceTree = "<group>"; };
		DD73F86D2B024CA000EE9BF2 /* ko */ = {isa = PBXFileReference; lastKnownFileType = text.plist.strings; name = ko; path = ko.lproj/LaunchScreen.strings; sourceTree = "<group>"; };
/* End PBXFileReference section */

/* Begin PBXFrameworksBuildPhase section */
		DD73F8522B024C4900EE9BF2 /* Frameworks */ = {
			isa = PBXFrameworksBuildPhase;
			buildActionMask = 2147483647;
			files = (
				DDBB29312B310B1300A742CD /* MSImageFetcher in Frameworks */,
				DD0194EB2B25C42E007CE082 /* NavigateMap in Frameworks */,
				DD0194E92B25C42E007CE082 /* Home in Frameworks */,
				DD0194F12B25C43B007CE082 /* RewindJourney in Frameworks */,
				DD0194EE2B25C434007CE082 /* JourneyList in Frameworks */,
				DDBB29372B310B1300A742CD /* MSPersistentStorage in Frameworks */,
				DD0194FA2B25C44E007CE082 /* Spot in Frameworks */,
				DD0194F42B25C441007CE082 /* SaveJourney in Frameworks */,
				DDBB29332B310B1300A742CD /* MSKeychainStorage in Frameworks */,
				DDBB29352B310B1300A742CD /* MSNetworking in Frameworks */,
				DD0194F72B25C448007CE082 /* SelectSong in Frameworks */,
				DDBB292F2B310B1300A742CD /* MSFetcher in Frameworks */,
				DDBB292D2B310B1300A742CD /* MSCacheStorage in Frameworks */,
			);
			runOnlyForDeploymentPostprocessing = 0;
		};
/* End PBXFrameworksBuildPhase section */

/* Begin PBXGroup section */
		08CBF86F2B18468E007D3797 /* MSCoordinator */ = {
			isa = PBXGroup;
			children = (
				DD2856C32B187BAB002C994D /* Protocol */,
				08CBF8712B18468E007D3797 /* AppCoordinator.swift */,
				08CBF8732B18468E007D3797 /* HomeCoordinator.swift */,
				08CBF8752B18468E007D3797 /* SpotCoordinator.swift */,
				08CBF8762B18468E007D3797 /* SelectSongCoordinator.swift */,
				08CBF8702B18468E007D3797 /* SaveJourneyCoordinator.swift */,
				08CBF8722B18468E007D3797 /* RewindJourneyCoordinator.swift */,
			);
			path = MSCoordinator;
			sourceTree = "<group>";
		};
		DD2856C32B187BAB002C994D /* Protocol */ = {
			isa = PBXGroup;
			children = (
				08CBF8772B18468E007D3797 /* Coordinator.swift */,
			);
			path = Protocol;
			sourceTree = "<group>";
		};
		DD5EA23F2B16EC690080AEC1 /* Frameworks */ = {
			isa = PBXGroup;
			children = (
			);
			name = Frameworks;
			sourceTree = "<group>";
		};
		DD73F84C2B024C4900EE9BF2 = {
			isa = PBXGroup;
			children = (
				DD73F8572B024C4900EE9BF2 /* MusicSpot */,
				DD73F8562B024C4900EE9BF2 /* Products */,
				DD5EA23F2B16EC690080AEC1 /* Frameworks */,
			);
			sourceTree = "<group>";
		};
		DD73F8562B024C4900EE9BF2 /* Products */ = {
			isa = PBXGroup;
			children = (
				DD73F8552B024C4900EE9BF2 /* MusicSpot.app */,
			);
			name = Products;
			sourceTree = "<group>";
		};
		DD73F8572B024C4900EE9BF2 /* MusicSpot */ = {
			isa = PBXGroup;
			children = (
				08CBF86F2B18468E007D3797 /* MSCoordinator */,
				DD73F8582B024C4900EE9BF2 /* AppDelegate.swift */,
				DD73F85A2B024C4900EE9BF2 /* SceneDelegate.swift */,
				DD73F8612B024C4B00EE9BF2 /* Assets.xcassets */,
				DD73F8632B024C4B00EE9BF2 /* LaunchScreen.storyboard */,
				DD73F8662B024C4B00EE9BF2 /* Info.plist */,
			);
			path = MusicSpot;
			sourceTree = "<group>";
		};
/* End PBXGroup section */

/* Begin PBXNativeTarget section */
		DD73F8542B024C4900EE9BF2 /* MusicSpot */ = {
			isa = PBXNativeTarget;
			buildConfigurationList = DD73F8692B024C4B00EE9BF2 /* Build configuration list for PBXNativeTarget "MusicSpot" */;
			buildPhases = (
				DD73F8512B024C4900EE9BF2 /* Sources */,
				DD73F8522B024C4900EE9BF2 /* Frameworks */,
				DD73F8532B024C4900EE9BF2 /* Resources */,
			);
			buildRules = (
			);
			dependencies = (
			);
			name = MusicSpot;
			packageProductDependencies = (
				DD0194E82B25C42E007CE082 /* Home */,
				DD0194EA2B25C42E007CE082 /* NavigateMap */,
				DD0194ED2B25C434007CE082 /* JourneyList */,
				DD0194F02B25C43B007CE082 /* RewindJourney */,
				DD0194F32B25C441007CE082 /* SaveJourney */,
				DD0194F62B25C448007CE082 /* SelectSong */,
				DD0194F92B25C44E007CE082 /* Spot */,
				DDBB292C2B310B1300A742CD /* MSCacheStorage */,
				DDBB292E2B310B1300A742CD /* MSFetcher */,
				DDBB29302B310B1300A742CD /* MSImageFetcher */,
				DDBB29322B310B1300A742CD /* MSKeychainStorage */,
				DDBB29342B310B1300A742CD /* MSNetworking */,
				DDBB29362B310B1300A742CD /* MSPersistentStorage */,
			);
			productName = MusicSpot;
			productReference = DD73F8552B024C4900EE9BF2 /* MusicSpot.app */;
			productType = "com.apple.product-type.application";
		};
/* End PBXNativeTarget section */

/* Begin PBXProject section */
		DD73F84D2B024C4900EE9BF2 /* Project object */ = {
			isa = PBXProject;
			attributes = {
				BuildIndependentTargetsInParallel = 1;
				LastSwiftUpdateCheck = 1500;
				LastUpgradeCheck = 1500;
				TargetAttributes = {
					DD73F8542B024C4900EE9BF2 = {
						CreatedOnToolsVersion = 15.0.1;
					};
				};
			};
			buildConfigurationList = DD73F8502B024C4900EE9BF2 /* Build configuration list for PBXProject "MusicSpot" */;
			compatibilityVersion = "Xcode 14.0";
			developmentRegion = ko;
			hasScannedForEncodings = 0;
			knownRegions = (
				Base,
				ko,
			);
			mainGroup = DD73F84C2B024C4900EE9BF2;
			packageReferences = (
				DD0194E72B25C42E007CE082 /* XCLocalSwiftPackageReference "../Features/Home" */,
				DD0194EC2B25C434007CE082 /* XCLocalSwiftPackageReference "../Features/JourneyList" */,
				DD0194EF2B25C43B007CE082 /* XCLocalSwiftPackageReference "../Features/RewindJourney" */,
				DD0194F22B25C441007CE082 /* XCLocalSwiftPackageReference "../Features/SaveJourney" */,
				DD0194F52B25C448007CE082 /* XCLocalSwiftPackageReference "../Features/SelectSong" */,
				DD0194F82B25C44E007CE082 /* XCLocalSwiftPackageReference "../Features/Spot" */,
				DDBB292B2B310B1300A742CD /* XCLocalSwiftPackageReference "../MSCoreKit" */,
			);
			productRefGroup = DD73F8562B024C4900EE9BF2 /* Products */;
			projectDirPath = "";
			projectRoot = "";
			targets = (
				DD73F8542B024C4900EE9BF2 /* MusicSpot */,
			);
		};
/* End PBXProject section */

/* Begin PBXResourcesBuildPhase section */
		DD73F8532B024C4900EE9BF2 /* Resources */ = {
			isa = PBXResourcesBuildPhase;
			buildActionMask = 2147483647;
			files = (
				DD73F8652B024C4B00EE9BF2 /* LaunchScreen.storyboard in Resources */,
				DD73F8622B024C4B00EE9BF2 /* Assets.xcassets in Resources */,
			);
			runOnlyForDeploymentPostprocessing = 0;
		};
/* End PBXResourcesBuildPhase section */

/* Begin PBXSourcesBuildPhase section */
		DD73F8512B024C4900EE9BF2 /* Sources */ = {
			isa = PBXSourcesBuildPhase;
			buildActionMask = 2147483647;
			files = (
				08CBF8792B18468E007D3797 /* AppCoordinator.swift in Sources */,
				08CBF8782B18468E007D3797 /* SaveJourneyCoordinator.swift in Sources */,
				08CBF87F2B18468E007D3797 /* Coordinator.swift in Sources */,
				08CBF87D2B18468E007D3797 /* SpotCoordinator.swift in Sources */,
				08CBF87E2B18468E007D3797 /* SelectSongCoordinator.swift in Sources */,
				08CBF87A2B18468E007D3797 /* RewindJourneyCoordinator.swift in Sources */,
				DD73F8592B024C4900EE9BF2 /* AppDelegate.swift in Sources */,
				08CBF87B2B18468E007D3797 /* HomeCoordinator.swift in Sources */,
				DD73F85B2B024C4900EE9BF2 /* SceneDelegate.swift in Sources */,
			);
			runOnlyForDeploymentPostprocessing = 0;
		};
/* End PBXSourcesBuildPhase section */

/* Begin PBXVariantGroup section */
		DD73F8632B024C4B00EE9BF2 /* LaunchScreen.storyboard */ = {
			isa = PBXVariantGroup;
			children = (
				DD73F8642B024C4B00EE9BF2 /* Base */,
				DD73F86D2B024CA000EE9BF2 /* ko */,
			);
			name = LaunchScreen.storyboard;
			sourceTree = "<group>";
		};
/* End PBXVariantGroup section */

/* Begin XCBuildConfiguration section */
		DD73F8672B024C4B00EE9BF2 /* Debug */ = {
			isa = XCBuildConfiguration;
			buildSettings = {
				ALWAYS_SEARCH_USER_PATHS = NO;
				ASSETCATALOG_COMPILER_GENERATE_SWIFT_ASSET_SYMBOL_EXTENSIONS = YES;
				CLANG_ANALYZER_LOCALIZABILITY_NONLOCALIZED = YES;
				CLANG_ANALYZER_NONNULL = YES;
				CLANG_ANALYZER_NUMBER_OBJECT_CONVERSION = YES_AGGRESSIVE;
				CLANG_CXX_LANGUAGE_STANDARD = "gnu++20";
				CLANG_ENABLE_MODULES = YES;
				CLANG_ENABLE_OBJC_ARC = YES;
				CLANG_ENABLE_OBJC_WEAK = YES;
				CLANG_WARN_BLOCK_CAPTURE_AUTORELEASING = YES;
				CLANG_WARN_BOOL_CONVERSION = YES;
				CLANG_WARN_COMMA = YES;
				CLANG_WARN_CONSTANT_CONVERSION = YES;
				CLANG_WARN_DEPRECATED_OBJC_IMPLEMENTATIONS = YES;
				CLANG_WARN_DIRECT_OBJC_ISA_USAGE = YES_ERROR;
				CLANG_WARN_DOCUMENTATION_COMMENTS = YES;
				CLANG_WARN_EMPTY_BODY = YES;
				CLANG_WARN_ENUM_CONVERSION = YES;
				CLANG_WARN_INFINITE_RECURSION = YES;
				CLANG_WARN_INT_CONVERSION = YES;
				CLANG_WARN_NON_LITERAL_NULL_CONVERSION = YES;
				CLANG_WARN_OBJC_IMPLICIT_RETAIN_SELF = YES;
				CLANG_WARN_OBJC_LITERAL_CONVERSION = YES;
				CLANG_WARN_OBJC_ROOT_CLASS = YES_ERROR;
				CLANG_WARN_QUOTED_INCLUDE_IN_FRAMEWORK_HEADER = YES;
				CLANG_WARN_RANGE_LOOP_ANALYSIS = YES;
				CLANG_WARN_STRICT_PROTOTYPES = YES;
				CLANG_WARN_SUSPICIOUS_MOVE = YES;
				CLANG_WARN_UNGUARDED_AVAILABILITY = YES_AGGRESSIVE;
				CLANG_WARN_UNREACHABLE_CODE = YES;
				CLANG_WARN__DUPLICATE_METHOD_MATCH = YES;
				COPY_PHASE_STRIP = NO;
				DEBUG_INFORMATION_FORMAT = dwarf;
				ENABLE_STRICT_OBJC_MSGSEND = YES;
				ENABLE_TESTABILITY = YES;
				ENABLE_USER_SCRIPT_SANDBOXING = YES;
				GCC_C_LANGUAGE_STANDARD = gnu17;
				GCC_DYNAMIC_NO_PIC = NO;
				GCC_NO_COMMON_BLOCKS = YES;
				GCC_OPTIMIZATION_LEVEL = 0;
				GCC_PREPROCESSOR_DEFINITIONS = (
					"DEBUG=1",
					"$(inherited)",
				);
				GCC_WARN_64_TO_32_BIT_CONVERSION = YES;
				GCC_WARN_ABOUT_RETURN_TYPE = YES_ERROR;
				GCC_WARN_UNDECLARED_SELECTOR = YES;
				GCC_WARN_UNINITIALIZED_AUTOS = YES_AGGRESSIVE;
				GCC_WARN_UNUSED_FUNCTION = YES;
				GCC_WARN_UNUSED_VARIABLE = YES;
				IPHONEOS_DEPLOYMENT_TARGET = 15.0;
				LOCALIZATION_PREFERS_STRING_CATALOGS = YES;
				MTL_ENABLE_DEBUG_INFO = INCLUDE_SOURCE;
				MTL_FAST_MATH = YES;
				ONLY_ACTIVE_ARCH = YES;
				SDKROOT = iphoneos;
				SWIFT_ACTIVE_COMPILATION_CONDITIONS = "DEBUG $(inherited)";
				SWIFT_OPTIMIZATION_LEVEL = "-Onone";
			};
			name = Debug;
		};
		DD73F8682B024C4B00EE9BF2 /* Release */ = {
			isa = XCBuildConfiguration;
			buildSettings = {
				ALWAYS_SEARCH_USER_PATHS = NO;
				ASSETCATALOG_COMPILER_GENERATE_SWIFT_ASSET_SYMBOL_EXTENSIONS = YES;
				CLANG_ANALYZER_LOCALIZABILITY_NONLOCALIZED = YES;
				CLANG_ANALYZER_NONNULL = YES;
				CLANG_ANALYZER_NUMBER_OBJECT_CONVERSION = YES_AGGRESSIVE;
				CLANG_CXX_LANGUAGE_STANDARD = "gnu++20";
				CLANG_ENABLE_MODULES = YES;
				CLANG_ENABLE_OBJC_ARC = YES;
				CLANG_ENABLE_OBJC_WEAK = YES;
				CLANG_WARN_BLOCK_CAPTURE_AUTORELEASING = YES;
				CLANG_WARN_BOOL_CONVERSION = YES;
				CLANG_WARN_COMMA = YES;
				CLANG_WARN_CONSTANT_CONVERSION = YES;
				CLANG_WARN_DEPRECATED_OBJC_IMPLEMENTATIONS = YES;
				CLANG_WARN_DIRECT_OBJC_ISA_USAGE = YES_ERROR;
				CLANG_WARN_DOCUMENTATION_COMMENTS = YES;
				CLANG_WARN_EMPTY_BODY = YES;
				CLANG_WARN_ENUM_CONVERSION = YES;
				CLANG_WARN_INFINITE_RECURSION = YES;
				CLANG_WARN_INT_CONVERSION = YES;
				CLANG_WARN_NON_LITERAL_NULL_CONVERSION = YES;
				CLANG_WARN_OBJC_IMPLICIT_RETAIN_SELF = YES;
				CLANG_WARN_OBJC_LITERAL_CONVERSION = YES;
				CLANG_WARN_OBJC_ROOT_CLASS = YES_ERROR;
				CLANG_WARN_QUOTED_INCLUDE_IN_FRAMEWORK_HEADER = YES;
				CLANG_WARN_RANGE_LOOP_ANALYSIS = YES;
				CLANG_WARN_STRICT_PROTOTYPES = YES;
				CLANG_WARN_SUSPICIOUS_MOVE = YES;
				CLANG_WARN_UNGUARDED_AVAILABILITY = YES_AGGRESSIVE;
				CLANG_WARN_UNREACHABLE_CODE = YES;
				CLANG_WARN__DUPLICATE_METHOD_MATCH = YES;
				COPY_PHASE_STRIP = NO;
				DEBUG_INFORMATION_FORMAT = "dwarf-with-dsym";
				ENABLE_NS_ASSERTIONS = NO;
				ENABLE_STRICT_OBJC_MSGSEND = YES;
				ENABLE_USER_SCRIPT_SANDBOXING = YES;
				GCC_C_LANGUAGE_STANDARD = gnu17;
				GCC_NO_COMMON_BLOCKS = YES;
				GCC_WARN_64_TO_32_BIT_CONVERSION = YES;
				GCC_WARN_ABOUT_RETURN_TYPE = YES_ERROR;
				GCC_WARN_UNDECLARED_SELECTOR = YES;
				GCC_WARN_UNINITIALIZED_AUTOS = YES_AGGRESSIVE;
				GCC_WARN_UNUSED_FUNCTION = YES;
				GCC_WARN_UNUSED_VARIABLE = YES;
				IPHONEOS_DEPLOYMENT_TARGET = 15.0;
				LOCALIZATION_PREFERS_STRING_CATALOGS = YES;
				MTL_ENABLE_DEBUG_INFO = NO;
				MTL_FAST_MATH = YES;
				SDKROOT = iphoneos;
				SWIFT_COMPILATION_MODE = wholemodule;
				VALIDATE_PRODUCT = YES;
			};
			name = Release;
		};
		DD73F86A2B024C4B00EE9BF2 /* Debug */ = {
			isa = XCBuildConfiguration;
			buildSettings = {
				ASSETCATALOG_COMPILER_APPICON_NAME = AppIcon;
				ASSETCATALOG_COMPILER_GLOBAL_ACCENT_COLOR_NAME = AccentColor;
				CODE_SIGN_IDENTITY = "Apple Development";
				"CODE_SIGN_IDENTITY[sdk=iphoneos*]" = "iPhone Developer";
				CODE_SIGN_STYLE = Manual;
				CURRENT_PROJECT_VERSION = 3;
				DEVELOPMENT_TEAM = "";
				"DEVELOPMENT_TEAM[sdk=iphoneos*]" = XW996HTK32;
				GENERATE_INFOPLIST_FILE = YES;
				INFOPLIST_FILE = MusicSpot/Info.plist;
				INFOPLIST_KEY_CFBundleDisplayName = MusicSpot;
				INFOPLIST_KEY_LSApplicationCategoryType = "public.app-category.travel";
				INFOPLIST_KEY_NSAppleMusicUsageDescription = "음악 기능을 사용하기 위해서는 미디어 라이브러리 사용 권한이 필요합니다.";
				INFOPLIST_KEY_NSCameraUsageDescription = "스팟을 남기기 위한 카메라 접근 권한이 필요합니다.";
				INFOPLIST_KEY_NSLocationAlwaysAndWhenInUseUsageDescription = "사용자의 위치 정보에 대한 엑세스가 필요합니다.";
				INFOPLIST_KEY_NSLocationUsageDescription = "사용자의 위치 정보를 통해 실시간 위치 표시 및 데이터를 제공해드립니다.";
				INFOPLIST_KEY_NSLocationWhenInUseUsageDescription = "MusicSPot은 위치 기반 여정 저장 앱입니다. 사용자의 위치 권한을 허용해주세요.";
				INFOPLIST_KEY_UIApplicationSupportsIndirectInputEvents = YES;
				INFOPLIST_KEY_UILaunchStoryboardName = LaunchScreen;
				INFOPLIST_KEY_UISupportedInterfaceOrientations = UIInterfaceOrientationPortrait;
				INFOPLIST_KEY_UISupportedInterfaceOrientations_iPad = "UIInterfaceOrientationLandscapeLeft UIInterfaceOrientationLandscapeRight UIInterfaceOrientationPortrait UIInterfaceOrientationPortraitUpsideDown";
				IPHONEOS_DEPLOYMENT_TARGET = 15.0;
				LD_RUNPATH_SEARCH_PATHS = (
					"$(inherited)",
					"@executable_path/Frameworks",
				);
				MARKETING_VERSION = 0.5.0;
				PRODUCT_BUNDLE_IDENTIFIER = com.overheat.boostcamp8.MusicSpot;
				PRODUCT_NAME = "$(TARGET_NAME)";
				PROVISIONING_PROFILE_SPECIFIER = "";
				"PROVISIONING_PROFILE_SPECIFIER[sdk=iphoneos*]" = "MusicSpot Development";
				SUPPORTED_PLATFORMS = "iphoneos iphonesimulator";
				SUPPORTS_MACCATALYST = NO;
				SUPPORTS_MAC_DESIGNED_FOR_IPHONE_IPAD = NO;
				SWIFT_EMIT_LOC_STRINGS = YES;
				SWIFT_VERSION = 5.0;
				TARGETED_DEVICE_FAMILY = 1;
			};
			name = Debug;
		};
		DD73F86B2B024C4B00EE9BF2 /* Release */ = {
			isa = XCBuildConfiguration;
			buildSettings = {
				ASSETCATALOG_COMPILER_APPICON_NAME = AppIcon;
				ASSETCATALOG_COMPILER_GLOBAL_ACCENT_COLOR_NAME = AccentColor;
				CODE_SIGN_IDENTITY = "Apple Development";
				"CODE_SIGN_IDENTITY[sdk=iphoneos*]" = "iPhone Distribution";
				CODE_SIGN_STYLE = Manual;
				CURRENT_PROJECT_VERSION = 3;
				DEVELOPMENT_TEAM = "";
				"DEVELOPMENT_TEAM[sdk=iphoneos*]" = XW996HTK32;
				GENERATE_INFOPLIST_FILE = YES;
				INFOPLIST_FILE = MusicSpot/Info.plist;
				INFOPLIST_KEY_CFBundleDisplayName = MusicSpot;
				INFOPLIST_KEY_LSApplicationCategoryType = "public.app-category.travel";
				INFOPLIST_KEY_NSAppleMusicUsageDescription = "음악 기능을 사용하기 위해서는 미디어 라이브러리 사용 권한이 필요합니다.";
				INFOPLIST_KEY_NSCameraUsageDescription = "스팟을 남기기 위한 카메라 접근 권한이 필요합니다.";
				INFOPLIST_KEY_NSLocationAlwaysAndWhenInUseUsageDescription = "사용자의 위치 정보에 대한 엑세스가 필요합니다.";
				INFOPLIST_KEY_NSLocationUsageDescription = "사용자의 위치 정보를 통해 실시간 위치 표시 및 데이터를 제공해드립니다.";
				INFOPLIST_KEY_NSLocationWhenInUseUsageDescription = "MusicSPot은 위치 기반 여정 저장 앱입니다. 사용자의 위치 권한을 허용해주세요.";
				INFOPLIST_KEY_UIApplicationSupportsIndirectInputEvents = YES;
				INFOPLIST_KEY_UILaunchStoryboardName = LaunchScreen;
				INFOPLIST_KEY_UISupportedInterfaceOrientations = UIInterfaceOrientationPortrait;
				INFOPLIST_KEY_UISupportedInterfaceOrientations_iPad = "UIInterfaceOrientationLandscapeLeft UIInterfaceOrientationLandscapeRight UIInterfaceOrientationPortrait UIInterfaceOrientationPortraitUpsideDown";
				IPHONEOS_DEPLOYMENT_TARGET = 15.0;
				LD_RUNPATH_SEARCH_PATHS = (
					"$(inherited)",
					"@executable_path/Frameworks",
				);
				MARKETING_VERSION = 0.5.0;
				PRODUCT_BUNDLE_IDENTIFIER = com.overheat.boostcamp8.MusicSpot;
				PRODUCT_NAME = "$(TARGET_NAME)";
				PROVISIONING_PROFILE_SPECIFIER = "";
				"PROVISIONING_PROFILE_SPECIFIER[sdk=iphoneos*]" = "MusicSpot Distribution";
				SUPPORTED_PLATFORMS = "iphoneos iphonesimulator";
				SUPPORTS_MACCATALYST = NO;
				SUPPORTS_MAC_DESIGNED_FOR_IPHONE_IPAD = NO;
				SWIFT_EMIT_LOC_STRINGS = YES;
				SWIFT_VERSION = 5.0;
				TARGETED_DEVICE_FAMILY = 1;
			};
			name = Release;
		};
		DDEADCBB2B22BEE0008D59E9 /* Mock */ = {
			isa = XCBuildConfiguration;
			buildSettings = {
				ALWAYS_SEARCH_USER_PATHS = NO;
				ASSETCATALOG_COMPILER_GENERATE_SWIFT_ASSET_SYMBOL_EXTENSIONS = YES;
				CLANG_ANALYZER_LOCALIZABILITY_NONLOCALIZED = YES;
				CLANG_ANALYZER_NONNULL = YES;
				CLANG_ANALYZER_NUMBER_OBJECT_CONVERSION = YES_AGGRESSIVE;
				CLANG_CXX_LANGUAGE_STANDARD = "gnu++20";
				CLANG_ENABLE_MODULES = YES;
				CLANG_ENABLE_OBJC_ARC = YES;
				CLANG_ENABLE_OBJC_WEAK = YES;
				CLANG_WARN_BLOCK_CAPTURE_AUTORELEASING = YES;
				CLANG_WARN_BOOL_CONVERSION = YES;
				CLANG_WARN_COMMA = YES;
				CLANG_WARN_CONSTANT_CONVERSION = YES;
				CLANG_WARN_DEPRECATED_OBJC_IMPLEMENTATIONS = YES;
				CLANG_WARN_DIRECT_OBJC_ISA_USAGE = YES_ERROR;
				CLANG_WARN_DOCUMENTATION_COMMENTS = YES;
				CLANG_WARN_EMPTY_BODY = YES;
				CLANG_WARN_ENUM_CONVERSION = YES;
				CLANG_WARN_INFINITE_RECURSION = YES;
				CLANG_WARN_INT_CONVERSION = YES;
				CLANG_WARN_NON_LITERAL_NULL_CONVERSION = YES;
				CLANG_WARN_OBJC_IMPLICIT_RETAIN_SELF = YES;
				CLANG_WARN_OBJC_LITERAL_CONVERSION = YES;
				CLANG_WARN_OBJC_ROOT_CLASS = YES_ERROR;
				CLANG_WARN_QUOTED_INCLUDE_IN_FRAMEWORK_HEADER = YES;
				CLANG_WARN_RANGE_LOOP_ANALYSIS = YES;
				CLANG_WARN_STRICT_PROTOTYPES = YES;
				CLANG_WARN_SUSPICIOUS_MOVE = YES;
				CLANG_WARN_UNGUARDED_AVAILABILITY = YES_AGGRESSIVE;
				CLANG_WARN_UNREACHABLE_CODE = YES;
				CLANG_WARN__DUPLICATE_METHOD_MATCH = YES;
				COPY_PHASE_STRIP = NO;
				DEBUG_INFORMATION_FORMAT = dwarf;
				ENABLE_STRICT_OBJC_MSGSEND = YES;
				ENABLE_TESTABILITY = YES;
				ENABLE_USER_SCRIPT_SANDBOXING = YES;
				GCC_C_LANGUAGE_STANDARD = gnu17;
				GCC_DYNAMIC_NO_PIC = NO;
				GCC_NO_COMMON_BLOCKS = YES;
				GCC_OPTIMIZATION_LEVEL = 0;
				GCC_PREPROCESSOR_DEFINITIONS = (
					"DEBUG=1",
					"$(inherited)",
				);
				GCC_WARN_64_TO_32_BIT_CONVERSION = YES;
				GCC_WARN_ABOUT_RETURN_TYPE = YES_ERROR;
				GCC_WARN_UNDECLARED_SELECTOR = YES;
				GCC_WARN_UNINITIALIZED_AUTOS = YES_AGGRESSIVE;
				GCC_WARN_UNUSED_FUNCTION = YES;
				GCC_WARN_UNUSED_VARIABLE = YES;
				IPHONEOS_DEPLOYMENT_TARGET = 15.0;
				LOCALIZATION_PREFERS_STRING_CATALOGS = YES;
				MTL_ENABLE_DEBUG_INFO = INCLUDE_SOURCE;
				MTL_FAST_MATH = YES;
				ONLY_ACTIVE_ARCH = YES;
				SDKROOT = iphoneos;
				SWIFT_ACTIVE_COMPILATION_CONDITIONS = MOCK;
				SWIFT_OPTIMIZATION_LEVEL = "-Onone";
			};
			name = Mock;
		};
		DDEADCBC2B22BEE0008D59E9 /* Mock */ = {
			isa = XCBuildConfiguration;
			buildSettings = {
				ASSETCATALOG_COMPILER_APPICON_NAME = AppIcon;
				ASSETCATALOG_COMPILER_GLOBAL_ACCENT_COLOR_NAME = AccentColor;
				CODE_SIGN_IDENTITY = "Apple Development";
				"CODE_SIGN_IDENTITY[sdk=iphoneos*]" = "iPhone Developer";
				CODE_SIGN_STYLE = Manual;
				CURRENT_PROJECT_VERSION = 3;
				DEVELOPMENT_TEAM = "";
				"DEVELOPMENT_TEAM[sdk=iphoneos*]" = XW996HTK32;
				GENERATE_INFOPLIST_FILE = YES;
				INFOPLIST_FILE = MusicSpot/Info.plist;
				INFOPLIST_KEY_CFBundleDisplayName = MusicSpot;
				INFOPLIST_KEY_LSApplicationCategoryType = "public.app-category.travel";
				INFOPLIST_KEY_NSAppleMusicUsageDescription = "음악 기능을 사용하기 위해서는 미디어 라이브러리 사용 권한이 필요합니다.";
				INFOPLIST_KEY_NSCameraUsageDescription = "스팟을 남기기 위한 카메라 접근 권한이 필요합니다.";
				INFOPLIST_KEY_NSLocationAlwaysAndWhenInUseUsageDescription = "사용자의 위치 정보에 대한 엑세스가 필요합니다.";
				INFOPLIST_KEY_NSLocationUsageDescription = "사용자의 위치 정보를 통해 실시간 위치 표시 및 데이터를 제공해드립니다.";
				INFOPLIST_KEY_NSLocationWhenInUseUsageDescription = "MusicSPot은 위치 기반 여정 저장 앱입니다. 사용자의 위치 권한을 허용해주세요.";
				INFOPLIST_KEY_UIApplicationSupportsIndirectInputEvents = YES;
				INFOPLIST_KEY_UILaunchStoryboardName = LaunchScreen;
				INFOPLIST_KEY_UISupportedInterfaceOrientations = UIInterfaceOrientationPortrait;
				INFOPLIST_KEY_UISupportedInterfaceOrientations_iPad = "UIInterfaceOrientationLandscapeLeft UIInterfaceOrientationLandscapeRight UIInterfaceOrientationPortrait UIInterfaceOrientationPortraitUpsideDown";
				IPHONEOS_DEPLOYMENT_TARGET = 15.0;
				LD_RUNPATH_SEARCH_PATHS = (
					"$(inherited)",
					"@executable_path/Frameworks",
				);
				MARKETING_VERSION = 0.5.0;
				PRODUCT_BUNDLE_IDENTIFIER = com.overheat.boostcamp8.MusicSpot;
				PRODUCT_NAME = "$(TARGET_NAME)";
				PROVISIONING_PROFILE_SPECIFIER = "";
				"PROVISIONING_PROFILE_SPECIFIER[sdk=iphoneos*]" = "MusicSpot Development";
				SUPPORTED_PLATFORMS = "iphoneos iphonesimulator";
				SUPPORTS_MACCATALYST = NO;
				SUPPORTS_MAC_DESIGNED_FOR_IPHONE_IPAD = NO;
				SWIFT_ACTIVE_COMPILATION_CONDITIONS = MOCK;
				SWIFT_EMIT_LOC_STRINGS = YES;
				SWIFT_VERSION = 5.0;
				TARGETED_DEVICE_FAMILY = 1;
			};
			name = Mock;
		};
/* End XCBuildConfiguration section */

/* Begin XCConfigurationList section */
		DD73F8502B024C4900EE9BF2 /* Build configuration list for PBXProject "MusicSpot" */ = {
			isa = XCConfigurationList;
			buildConfigurations = (
				DD73F8672B024C4B00EE9BF2 /* Debug */,
				DDEADCBB2B22BEE0008D59E9 /* Mock */,
				DD73F8682B024C4B00EE9BF2 /* Release */,
			);
			defaultConfigurationIsVisible = 0;
			defaultConfigurationName = Release;
		};
		DD73F8692B024C4B00EE9BF2 /* Build configuration list for PBXNativeTarget "MusicSpot" */ = {
			isa = XCConfigurationList;
			buildConfigurations = (
				DD73F86A2B024C4B00EE9BF2 /* Debug */,
				DDEADCBC2B22BEE0008D59E9 /* Mock */,
				DD73F86B2B024C4B00EE9BF2 /* Release */,
			);
			defaultConfigurationIsVisible = 0;
			defaultConfigurationName = Release;
		};
/* End XCConfigurationList section */

/* Begin XCLocalSwiftPackageReference section */
		DD0194E72B25C42E007CE082 /* XCLocalSwiftPackageReference "../Features/Home" */ = {
			isa = XCLocalSwiftPackageReference;
			relativePath = ../Features/Home;
		};
		DD0194EC2B25C434007CE082 /* XCLocalSwiftPackageReference "../Features/JourneyList" */ = {
			isa = XCLocalSwiftPackageReference;
			relativePath = ../Features/JourneyList;
		};
		DD0194EF2B25C43B007CE082 /* XCLocalSwiftPackageReference "../Features/RewindJourney" */ = {
			isa = XCLocalSwiftPackageReference;
			relativePath = ../Features/RewindJourney;
		};
		DD0194F22B25C441007CE082 /* XCLocalSwiftPackageReference "../Features/SaveJourney" */ = {
			isa = XCLocalSwiftPackageReference;
			relativePath = ../Features/SaveJourney;
		};
		DD0194F52B25C448007CE082 /* XCLocalSwiftPackageReference "../Features/SelectSong" */ = {
			isa = XCLocalSwiftPackageReference;
			relativePath = ../Features/SelectSong;
		};
		DD0194F82B25C44E007CE082 /* XCLocalSwiftPackageReference "../Features/Spot" */ = {
			isa = XCLocalSwiftPackageReference;
			relativePath = ../Features/Spot;
		};
		DDBB292B2B310B1300A742CD /* XCLocalSwiftPackageReference "../MSCoreKit" */ = {
			isa = XCLocalSwiftPackageReference;
			relativePath = ../MSCoreKit;
		};
/* End XCLocalSwiftPackageReference section */

/* Begin XCSwiftPackageProductDependency section */
		DD0194E82B25C42E007CE082 /* Home */ = {
			isa = XCSwiftPackageProductDependency;
			productName = Home;
		};
		DD0194EA2B25C42E007CE082 /* NavigateMap */ = {
			isa = XCSwiftPackageProductDependency;
			productName = NavigateMap;
		};
		DD0194ED2B25C434007CE082 /* JourneyList */ = {
			isa = XCSwiftPackageProductDependency;
			productName = JourneyList;
		};
		DD0194F02B25C43B007CE082 /* RewindJourney */ = {
			isa = XCSwiftPackageProductDependency;
			productName = RewindJourney;
		};
		DD0194F32B25C441007CE082 /* SaveJourney */ = {
			isa = XCSwiftPackageProductDependency;
			productName = SaveJourney;
		};
		DD0194F62B25C448007CE082 /* SelectSong */ = {
			isa = XCSwiftPackageProductDependency;
			productName = SelectSong;
		};
		DD0194F92B25C44E007CE082 /* Spot */ = {
			isa = XCSwiftPackageProductDependency;
			productName = Spot;
		};
		DDBB292C2B310B1300A742CD /* MSCacheStorage */ = {
			isa = XCSwiftPackageProductDependency;
			productName = MSCacheStorage;
		};
		DDBB292E2B310B1300A742CD /* MSFetcher */ = {
			isa = XCSwiftPackageProductDependency;
			productName = MSFetcher;
		};
		DDBB29302B310B1300A742CD /* MSImageFetcher */ = {
			isa = XCSwiftPackageProductDependency;
			productName = MSImageFetcher;
		};
		DDBB29322B310B1300A742CD /* MSKeychainStorage */ = {
			isa = XCSwiftPackageProductDependency;
			productName = MSKeychainStorage;
		};
		DDBB29342B310B1300A742CD /* MSNetworking */ = {
			isa = XCSwiftPackageProductDependency;
			productName = MSNetworking;
		};
		DDBB29362B310B1300A742CD /* MSPersistentStorage */ = {
			isa = XCSwiftPackageProductDependency;
			productName = MSPersistentStorage;
		};
/* End XCSwiftPackageProductDependency section */
	};
	rootObject = DD73F84D2B024C4900EE9BF2 /* Project object */;
}
