// !$*UTF8*$!
{
	archiveVersion = 1;
	classes = {
	};
	objectVersion = 60;
	objects = {

/* Begin PBXBuildFile section */
		08CBF8782B18468E007D3797 /* SaveJourneyCoordinator.swift in Sources */ = {isa = PBXBuildFile; fileRef = 08CBF8702B18468E007D3797 /* SaveJourneyCoordinator.swift */; };
		08CBF8792B18468E007D3797 /* AppCoordinator.swift in Sources */ = {isa = PBXBuildFile; fileRef = 08CBF8712B18468E007D3797 /* AppCoordinator.swift */; };
		08CBF87A2B18468E007D3797 /* RewindCoordinator.swift in Sources */ = {isa = PBXBuildFile; fileRef = 08CBF8722B18468E007D3797 /* RewindCoordinator.swift */; };
		08CBF87B2B18468E007D3797 /* HomeCoordinator.swift in Sources */ = {isa = PBXBuildFile; fileRef = 08CBF8732B18468E007D3797 /* HomeCoordinator.swift */; };
		08CBF87C2B18468E007D3797 /* SettingCoordinator.swift in Sources */ = {isa = PBXBuildFile; fileRef = 08CBF8742B18468E007D3797 /* SettingCoordinator.swift */; };
		08CBF87D2B18468E007D3797 /* SpotCoordinator.swift in Sources */ = {isa = PBXBuildFile; fileRef = 08CBF8752B18468E007D3797 /* SpotCoordinator.swift */; };
		08CBF87E2B18468E007D3797 /* SearchMusicCoordinator.swift in Sources */ = {isa = PBXBuildFile; fileRef = 08CBF8762B18468E007D3797 /* SearchMusicCoordinator.swift */; };
		08CBF87F2B18468E007D3797 /* Coordinator.swift in Sources */ = {isa = PBXBuildFile; fileRef = 08CBF8772B18468E007D3797 /* Coordinator.swift */; };
		DD73F8592B024C4900EE9BF2 /* AppDelegate.swift in Sources */ = {isa = PBXBuildFile; fileRef = DD73F8582B024C4900EE9BF2 /* AppDelegate.swift */; };
		DD73F85B2B024C4900EE9BF2 /* SceneDelegate.swift in Sources */ = {isa = PBXBuildFile; fileRef = DD73F85A2B024C4900EE9BF2 /* SceneDelegate.swift */; };
		DD73F8622B024C4B00EE9BF2 /* Assets.xcassets in Resources */ = {isa = PBXBuildFile; fileRef = DD73F8612B024C4B00EE9BF2 /* Assets.xcassets */; };
		DD73F8652B024C4B00EE9BF2 /* LaunchScreen.storyboard in Resources */ = {isa = PBXBuildFile; fileRef = DD73F8632B024C4B00EE9BF2 /* LaunchScreen.storyboard */; };
		DD97826F2B18FFA4003CB134 /* HomeViewControllerDelegate.swift in Sources */ = {isa = PBXBuildFile; fileRef = DD97826E2B18FFA4003CB134 /* HomeViewControllerDelegate.swift */; };
		DD9782712B1902B8003CB134 /* Home in Frameworks */ = {isa = PBXBuildFile; productRef = DD9782702B1902B8003CB134 /* Home */; };
		DDCDDA172B18F4B8008E66D1 /* NavigateMap in Frameworks */ = {isa = PBXBuildFile; productRef = DDCDDA162B18F4B8008E66D1 /* NavigateMap */; };
		DDCDDA192B18F4B8008E66D1 /* RecordJourney in Frameworks */ = {isa = PBXBuildFile; productRef = DDCDDA182B18F4B8008E66D1 /* RecordJourney */; };
		DDCDDA1C2B18F4BE008E66D1 /* JourneyList in Frameworks */ = {isa = PBXBuildFile; productRef = DDCDDA1B2B18F4BE008E66D1 /* JourneyList */; };
		DDCDDA1F2B18F4C6008E66D1 /* RewindJourney in Frameworks */ = {isa = PBXBuildFile; productRef = DDCDDA1E2B18F4C6008E66D1 /* RewindJourney */; };
		DDCDDA222B18F4CD008E66D1 /* SaveJourney in Frameworks */ = {isa = PBXBuildFile; productRef = DDCDDA212B18F4CD008E66D1 /* SaveJourney */; };
		DDCDDA252B18F4D7008E66D1 /* SelectSong in Frameworks */ = {isa = PBXBuildFile; productRef = DDCDDA242B18F4D7008E66D1 /* SelectSong */; };
		DDCDDA282B18F4DE008E66D1 /* Spot in Frameworks */ = {isa = PBXBuildFile; productRef = DDCDDA272B18F4DE008E66D1 /* Spot */; };
/* End PBXBuildFile section */

/* Begin PBXFileReference section */
		08CBF8702B18468E007D3797 /* SaveJourneyCoordinator.swift */ = {isa = PBXFileReference; fileEncoding = 4; lastKnownFileType = sourcecode.swift; path = SaveJourneyCoordinator.swift; sourceTree = "<group>"; };
		08CBF8712B18468E007D3797 /* AppCoordinator.swift */ = {isa = PBXFileReference; fileEncoding = 4; lastKnownFileType = sourcecode.swift; path = AppCoordinator.swift; sourceTree = "<group>"; };
		08CBF8722B18468E007D3797 /* RewindCoordinator.swift */ = {isa = PBXFileReference; fileEncoding = 4; lastKnownFileType = sourcecode.swift; path = RewindCoordinator.swift; sourceTree = "<group>"; };
		08CBF8732B18468E007D3797 /* HomeCoordinator.swift */ = {isa = PBXFileReference; fileEncoding = 4; lastKnownFileType = sourcecode.swift; path = HomeCoordinator.swift; sourceTree = "<group>"; };
		08CBF8742B18468E007D3797 /* SettingCoordinator.swift */ = {isa = PBXFileReference; fileEncoding = 4; lastKnownFileType = sourcecode.swift; path = SettingCoordinator.swift; sourceTree = "<group>"; };
		08CBF8752B18468E007D3797 /* SpotCoordinator.swift */ = {isa = PBXFileReference; fileEncoding = 4; lastKnownFileType = sourcecode.swift; path = SpotCoordinator.swift; sourceTree = "<group>"; };
		08CBF8762B18468E007D3797 /* SearchMusicCoordinator.swift */ = {isa = PBXFileReference; fileEncoding = 4; lastKnownFileType = sourcecode.swift; path = SearchMusicCoordinator.swift; sourceTree = "<group>"; };
		08CBF8772B18468E007D3797 /* Coordinator.swift */ = {isa = PBXFileReference; fileEncoding = 4; lastKnownFileType = sourcecode.swift; path = Coordinator.swift; sourceTree = "<group>"; };
		DD73F8552B024C4900EE9BF2 /* MusicSpot.app */ = {isa = PBXFileReference; explicitFileType = wrapper.application; includeInIndex = 0; path = MusicSpot.app; sourceTree = BUILT_PRODUCTS_DIR; };
		DD73F8582B024C4900EE9BF2 /* AppDelegate.swift */ = {isa = PBXFileReference; lastKnownFileType = sourcecode.swift; path = AppDelegate.swift; sourceTree = "<group>"; };
		DD73F85A2B024C4900EE9BF2 /* SceneDelegate.swift */ = {isa = PBXFileReference; lastKnownFileType = sourcecode.swift; path = SceneDelegate.swift; sourceTree = "<group>"; };
		DD73F8612B024C4B00EE9BF2 /* Assets.xcassets */ = {isa = PBXFileReference; lastKnownFileType = folder.assetcatalog; path = Assets.xcassets; sourceTree = "<group>"; };
		DD73F8642B024C4B00EE9BF2 /* Base */ = {isa = PBXFileReference; lastKnownFileType = file.storyboard; name = Base; path = Base.lproj/LaunchScreen.storyboard; sourceTree = "<group>"; };
		DD73F8662B024C4B00EE9BF2 /* Info.plist */ = {isa = PBXFileReference; lastKnownFileType = text.plist.xml; path = Info.plist; sourceTree = "<group>"; };
		DD73F86D2B024CA000EE9BF2 /* ko */ = {isa = PBXFileReference; lastKnownFileType = text.plist.strings; name = ko; path = ko.lproj/LaunchScreen.strings; sourceTree = "<group>"; };
		DD97826E2B18FFA4003CB134 /* HomeViewControllerDelegate.swift */ = {isa = PBXFileReference; lastKnownFileType = sourcecode.swift; path = HomeViewControllerDelegate.swift; sourceTree = "<group>"; };
/* End PBXFileReference section */

/* Begin PBXFrameworksBuildPhase section */
		DD73F8522B024C4900EE9BF2 /* Frameworks */ = {
			isa = PBXFrameworksBuildPhase;
			buildActionMask = 2147483647;
			files = (
				DDCDDA192B18F4B8008E66D1 /* RecordJourney in Frameworks */,
				DDCDDA172B18F4B8008E66D1 /* NavigateMap in Frameworks */,
				DDCDDA1F2B18F4C6008E66D1 /* RewindJourney in Frameworks */,
				DDCDDA1C2B18F4BE008E66D1 /* JourneyList in Frameworks */,
				DDCDDA282B18F4DE008E66D1 /* Spot in Frameworks */,
				DD9782712B1902B8003CB134 /* Home in Frameworks */,
				DDCDDA222B18F4CD008E66D1 /* SaveJourney in Frameworks */,
				DDCDDA252B18F4D7008E66D1 /* SelectSong in Frameworks */,
			);
			runOnlyForDeploymentPostprocessing = 0;
		};
/* End PBXFrameworksBuildPhase section */

/* Begin PBXGroup section */
		08CBF86F2B18468E007D3797 /* MSCoordinator */ = {
			isa = PBXGroup;
			children = (
				DD2856C32B187BAB002C994D /* Protocol */,
				08CBF8712B18468E007D3797 /* AppCoordinator.swift */,
				08CBF8732B18468E007D3797 /* HomeCoordinator.swift */,
				08CBF8752B18468E007D3797 /* SpotCoordinator.swift */,
				08CBF8762B18468E007D3797 /* SearchMusicCoordinator.swift */,
				08CBF8702B18468E007D3797 /* SaveJourneyCoordinator.swift */,
				08CBF8742B18468E007D3797 /* SettingCoordinator.swift */,
				08CBF8722B18468E007D3797 /* RewindCoordinator.swift */,
			);
			path = MSCoordinator;
			sourceTree = "<group>";
		};
		DD2856C32B187BAB002C994D /* Protocol */ = {
			isa = PBXGroup;
			children = (
				08CBF8772B18468E007D3797 /* Coordinator.swift */,
				DD97826E2B18FFA4003CB134 /* HomeViewControllerDelegate.swift */,
			);
			path = Protocol;
			sourceTree = "<group>";
		};
		DD5EA23F2B16EC690080AEC1 /* Frameworks */ = {
			isa = PBXGroup;
			children = (
			);
			name = Frameworks;
			sourceTree = "<group>";
		};
		DD73F84C2B024C4900EE9BF2 = {
			isa = PBXGroup;
			children = (
				DD73F8572B024C4900EE9BF2 /* MusicSpot */,
				DD73F8562B024C4900EE9BF2 /* Products */,
				DD5EA23F2B16EC690080AEC1 /* Frameworks */,
			);
			sourceTree = "<group>";
		};
		DD73F8562B024C4900EE9BF2 /* Products */ = {
			isa = PBXGroup;
			children = (
				DD73F8552B024C4900EE9BF2 /* MusicSpot.app */,
			);
			name = Products;
			sourceTree = "<group>";
		};
		DD73F8572B024C4900EE9BF2 /* MusicSpot */ = {
			isa = PBXGroup;
			children = (
				08CBF86F2B18468E007D3797 /* MSCoordinator */,
				DD73F8582B024C4900EE9BF2 /* AppDelegate.swift */,
				DD73F85A2B024C4900EE9BF2 /* SceneDelegate.swift */,
				DD73F8612B024C4B00EE9BF2 /* Assets.xcassets */,
				DD73F8632B024C4B00EE9BF2 /* LaunchScreen.storyboard */,
				DD73F8662B024C4B00EE9BF2 /* Info.plist */,
			);
			path = MusicSpot;
			sourceTree = "<group>";
		};
/* End PBXGroup section */

/* Begin PBXNativeTarget section */
		DD73F8542B024C4900EE9BF2 /* MusicSpot */ = {
			isa = PBXNativeTarget;
			buildConfigurationList = DD73F8692B024C4B00EE9BF2 /* Build configuration list for PBXNativeTarget "MusicSpot" */;
			buildPhases = (
				DD73F8512B024C4900EE9BF2 /* Sources */,
				DD73F8522B024C4900EE9BF2 /* Frameworks */,
				DD73F8532B024C4900EE9BF2 /* Resources */,
			);
			buildRules = (
			);
			dependencies = (
			);
			name = MusicSpot;
			packageProductDependencies = (
				DDCDDA162B18F4B8008E66D1 /* NavigateMap */,
				DDCDDA182B18F4B8008E66D1 /* RecordJourney */,
				DDCDDA1B2B18F4BE008E66D1 /* JourneyList */,
				DDCDDA1E2B18F4C6008E66D1 /* RewindJourney */,
				DDCDDA212B18F4CD008E66D1 /* SaveJourney */,
				DDCDDA242B18F4D7008E66D1 /* SelectSong */,
				DDCDDA272B18F4DE008E66D1 /* Spot */,
				DD9782702B1902B8003CB134 /* Home */,
			);
			productName = MusicSpot;
			productReference = DD73F8552B024C4900EE9BF2 /* MusicSpot.app */;
			productType = "com.apple.product-type.application";
		};
/* End PBXNativeTarget section */

/* Begin PBXProject section */
		DD73F84D2B024C4900EE9BF2 /* Project object */ = {
			isa = PBXProject;
			attributes = {
				BuildIndependentTargetsInParallel = 1;
				LastSwiftUpdateCheck = 1500;
				LastUpgradeCheck = 1500;
				TargetAttributes = {
					DD73F8542B024C4900EE9BF2 = {
						CreatedOnToolsVersion = 15.0.1;
					};
				};
			};
			buildConfigurationList = DD73F8502B024C4900EE9BF2 /* Build configuration list for PBXProject "MusicSpot" */;
			compatibilityVersion = "Xcode 14.0";
			developmentRegion = ko;
			hasScannedForEncodings = 0;
			knownRegions = (
				Base,
				ko,
			);
			mainGroup = DD73F84C2B024C4900EE9BF2;
			packageReferences = (
				DDCDDA152B18F4B8008E66D1 /* XCLocalSwiftPackageReference "../Features/Home" */,
				DDCDDA1A2B18F4BE008E66D1 /* XCLocalSwiftPackageReference "../Features/JourneyList" */,
				DDCDDA1D2B18F4C6008E66D1 /* XCLocalSwiftPackageReference "../Features/RewindJourney" */,
				DDCDDA202B18F4CD008E66D1 /* XCLocalSwiftPackageReference "../Features/SaveJourney" */,
				DDCDDA232B18F4D7008E66D1 /* XCLocalSwiftPackageReference "../Features/SelectSong" */,
				DDCDDA262B18F4DE008E66D1 /* XCLocalSwiftPackageReference "../Features/Spot" */,
			);
			productRefGroup = DD73F8562B024C4900EE9BF2 /* Products */;
			projectDirPath = "";
			projectRoot = "";
			targets = (
				DD73F8542B024C4900EE9BF2 /* MusicSpot */,
			);
		};
/* End PBXProject section */

/* Begin PBXResourcesBuildPhase section */
		DD73F8532B024C4900EE9BF2 /* Resources */ = {
			isa = PBXResourcesBuildPhase;
			buildActionMask = 2147483647;
			files = (
				DD73F8652B024C4B00EE9BF2 /* LaunchScreen.storyboard in Resources */,
				DD73F8622B024C4B00EE9BF2 /* Assets.xcassets in Resources */,
			);
			runOnlyForDeploymentPostprocessing = 0;
		};
/* End PBXResourcesBuildPhase section */

/* Begin PBXSourcesBuildPhase section */
		DD73F8512B024C4900EE9BF2 /* Sources */ = {
			isa = PBXSourcesBuildPhase;
			buildActionMask = 2147483647;
			files = (
				08CBF8792B18468E007D3797 /* AppCoordinator.swift in Sources */,
				08CBF8782B18468E007D3797 /* SaveJourneyCoordinator.swift in Sources */,
				DD97826F2B18FFA4003CB134 /* HomeViewControllerDelegate.swift in Sources */,
				08CBF87F2B18468E007D3797 /* Coordinator.swift in Sources */,
				08CBF87D2B18468E007D3797 /* SpotCoordinator.swift in Sources */,
				08CBF87E2B18468E007D3797 /* SearchMusicCoordinator.swift in Sources */,
				08CBF87A2B18468E007D3797 /* RewindCoordinator.swift in Sources */,
				08CBF87C2B18468E007D3797 /* SettingCoordinator.swift in Sources */,
				DD73F8592B024C4900EE9BF2 /* AppDelegate.swift in Sources */,
				08CBF87B2B18468E007D3797 /* HomeCoordinator.swift in Sources */,
				DD73F85B2B024C4900EE9BF2 /* SceneDelegate.swift in Sources */,
			);
			runOnlyForDeploymentPostprocessing = 0;
		};
/* End PBXSourcesBuildPhase section */

/* Begin PBXVariantGroup section */
		DD73F8632B024C4B00EE9BF2 /* LaunchScreen.storyboard */ = {
			isa = PBXVariantGroup;
			children = (
				DD73F8642B024C4B00EE9BF2 /* Base */,
				DD73F86D2B024CA000EE9BF2 /* ko */,
			);
			name = LaunchScreen.storyboard;
			sourceTree = "<group>";
		};
/* End PBXVariantGroup section */

/* Begin XCBuildConfiguration section */
		DD73F8672B024C4B00EE9BF2 /* Debug */ = {
			isa = XCBuildConfiguration;
			buildSettings = {
				ALWAYS_SEARCH_USER_PATHS = NO;
				ASSETCATALOG_COMPILER_GENERATE_SWIFT_ASSET_SYMBOL_EXTENSIONS = YES;
				CLANG_ANALYZER_LOCALIZABILITY_NONLOCALIZED = YES;
				CLANG_ANALYZER_NONNULL = YES;
				CLANG_ANALYZER_NUMBER_OBJECT_CONVERSION = YES_AGGRESSIVE;
				CLANG_CXX_LANGUAGE_STANDARD = "gnu++20";
				CLANG_ENABLE_MODULES = YES;
				CLANG_ENABLE_OBJC_ARC = YES;
				CLANG_ENABLE_OBJC_WEAK = YES;
				CLANG_WARN_BLOCK_CAPTURE_AUTORELEASING = YES;
				CLANG_WARN_BOOL_CONVERSION = YES;
				CLANG_WARN_COMMA = YES;
				CLANG_WARN_CONSTANT_CONVERSION = YES;
				CLANG_WARN_DEPRECATED_OBJC_IMPLEMENTATIONS = YES;
				CLANG_WARN_DIRECT_OBJC_ISA_USAGE = YES_ERROR;
				CLANG_WARN_DOCUMENTATION_COMMENTS = YES;
				CLANG_WARN_EMPTY_BODY = YES;
				CLANG_WARN_ENUM_CONVERSION = YES;
				CLANG_WARN_INFINITE_RECURSION = YES;
				CLANG_WARN_INT_CONVERSION = YES;
				CLANG_WARN_NON_LITERAL_NULL_CONVERSION = YES;
				CLANG_WARN_OBJC_IMPLICIT_RETAIN_SELF = YES;
				CLANG_WARN_OBJC_LITERAL_CONVERSION = YES;
				CLANG_WARN_OBJC_ROOT_CLASS = YES_ERROR;
				CLANG_WARN_QUOTED_INCLUDE_IN_FRAMEWORK_HEADER = YES;
				CLANG_WARN_RANGE_LOOP_ANALYSIS = YES;
				CLANG_WARN_STRICT_PROTOTYPES = YES;
				CLANG_WARN_SUSPICIOUS_MOVE = YES;
				CLANG_WARN_UNGUARDED_AVAILABILITY = YES_AGGRESSIVE;
				CLANG_WARN_UNREACHABLE_CODE = YES;
				CLANG_WARN__DUPLICATE_METHOD_MATCH = YES;
				COPY_PHASE_STRIP = NO;
				DEBUG_INFORMATION_FORMAT = dwarf;
				ENABLE_STRICT_OBJC_MSGSEND = YES;
				ENABLE_TESTABILITY = YES;
				ENABLE_USER_SCRIPT_SANDBOXING = YES;
				GCC_C_LANGUAGE_STANDARD = gnu17;
				GCC_DYNAMIC_NO_PIC = NO;
				GCC_NO_COMMON_BLOCKS = YES;
				GCC_OPTIMIZATION_LEVEL = 0;
				GCC_PREPROCESSOR_DEFINITIONS = (
					"DEBUG=1",
					"$(inherited)",
				);
				GCC_WARN_64_TO_32_BIT_CONVERSION = YES;
				GCC_WARN_ABOUT_RETURN_TYPE = YES_ERROR;
				GCC_WARN_UNDECLARED_SELECTOR = YES;
				GCC_WARN_UNINITIALIZED_AUTOS = YES_AGGRESSIVE;
				GCC_WARN_UNUSED_FUNCTION = YES;
				GCC_WARN_UNUSED_VARIABLE = YES;
				IPHONEOS_DEPLOYMENT_TARGET = 15.0;
				LOCALIZATION_PREFERS_STRING_CATALOGS = YES;
				MTL_ENABLE_DEBUG_INFO = INCLUDE_SOURCE;
				MTL_FAST_MATH = YES;
				ONLY_ACTIVE_ARCH = YES;
				SDKROOT = iphoneos;
				SWIFT_ACTIVE_COMPILATION_CONDITIONS = "DEBUG $(inherited)";
				SWIFT_OPTIMIZATION_LEVEL = "-Onone";
			};
			name = Debug;
		};
		DD73F8682B024C4B00EE9BF2 /* Release */ = {
			isa = XCBuildConfiguration;
			buildSettings = {
				ALWAYS_SEARCH_USER_PATHS = NO;
				ASSETCATALOG_COMPILER_GENERATE_SWIFT_ASSET_SYMBOL_EXTENSIONS = YES;
				CLANG_ANALYZER_LOCALIZABILITY_NONLOCALIZED = YES;
				CLANG_ANALYZER_NONNULL = YES;
				CLANG_ANALYZER_NUMBER_OBJECT_CONVERSION = YES_AGGRESSIVE;
				CLANG_CXX_LANGUAGE_STANDARD = "gnu++20";
				CLANG_ENABLE_MODULES = YES;
				CLANG_ENABLE_OBJC_ARC = YES;
				CLANG_ENABLE_OBJC_WEAK = YES;
				CLANG_WARN_BLOCK_CAPTURE_AUTORELEASING = YES;
				CLANG_WARN_BOOL_CONVERSION = YES;
				CLANG_WARN_COMMA = YES;
				CLANG_WARN_CONSTANT_CONVERSION = YES;
				CLANG_WARN_DEPRECATED_OBJC_IMPLEMENTATIONS = YES;
				CLANG_WARN_DIRECT_OBJC_ISA_USAGE = YES_ERROR;
				CLANG_WARN_DOCUMENTATION_COMMENTS = YES;
				CLANG_WARN_EMPTY_BODY = YES;
				CLANG_WARN_ENUM_CONVERSION = YES;
				CLANG_WARN_INFINITE_RECURSION = YES;
				CLANG_WARN_INT_CONVERSION = YES;
				CLANG_WARN_NON_LITERAL_NULL_CONVERSION = YES;
				CLANG_WARN_OBJC_IMPLICIT_RETAIN_SELF = YES;
				CLANG_WARN_OBJC_LITERAL_CONVERSION = YES;
				CLANG_WARN_OBJC_ROOT_CLASS = YES_ERROR;
				CLANG_WARN_QUOTED_INCLUDE_IN_FRAMEWORK_HEADER = YES;
				CLANG_WARN_RANGE_LOOP_ANALYSIS = YES;
				CLANG_WARN_STRICT_PROTOTYPES = YES;
				CLANG_WARN_SUSPICIOUS_MOVE = YES;
				CLANG_WARN_UNGUARDED_AVAILABILITY = YES_AGGRESSIVE;
				CLANG_WARN_UNREACHABLE_CODE = YES;
				CLANG_WARN__DUPLICATE_METHOD_MATCH = YES;
				COPY_PHASE_STRIP = NO;
				DEBUG_INFORMATION_FORMAT = "dwarf-with-dsym";
				ENABLE_NS_ASSERTIONS = NO;
				ENABLE_STRICT_OBJC_MSGSEND = YES;
				ENABLE_USER_SCRIPT_SANDBOXING = YES;
				GCC_C_LANGUAGE_STANDARD = gnu17;
				GCC_NO_COMMON_BLOCKS = YES;
				GCC_WARN_64_TO_32_BIT_CONVERSION = YES;
				GCC_WARN_ABOUT_RETURN_TYPE = YES_ERROR;
				GCC_WARN_UNDECLARED_SELECTOR = YES;
				GCC_WARN_UNINITIALIZED_AUTOS = YES_AGGRESSIVE;
				GCC_WARN_UNUSED_FUNCTION = YES;
				GCC_WARN_UNUSED_VARIABLE = YES;
				IPHONEOS_DEPLOYMENT_TARGET = 15.0;
				LOCALIZATION_PREFERS_STRING_CATALOGS = YES;
				MTL_ENABLE_DEBUG_INFO = NO;
				MTL_FAST_MATH = YES;
				SDKROOT = iphoneos;
				SWIFT_COMPILATION_MODE = wholemodule;
				VALIDATE_PRODUCT = YES;
			};
			name = Release;
		};
		DD73F86A2B024C4B00EE9BF2 /* Debug */ = {
			isa = XCBuildConfiguration;
			buildSettings = {
				ASSETCATALOG_COMPILER_APPICON_NAME = AppIcon;
				ASSETCATALOG_COMPILER_GLOBAL_ACCENT_COLOR_NAME = AccentColor;
				CODE_SIGN_STYLE = Automatic;
				CURRENT_PROJECT_VERSION = 1;
				DEVELOPMENT_TEAM = B3PWYBKFUK;
				GENERATE_INFOPLIST_FILE = YES;
				INFOPLIST_FILE = MusicSpot/Info.plist;
				INFOPLIST_KEY_CFBundleDisplayName = MusicSpot;
				INFOPLIST_KEY_LSApplicationCategoryType = "public.app-category.travel";
				INFOPLIST_KEY_NSLocationAlwaysAndWhenInUseUsageDescription = "사용자의 위치 정보에 대한 엑세스가 필요합니다.";
				INFOPLIST_KEY_NSLocationUsageDescription = "사용자의 위치 정보를 통해 실시간 위치 표시 및 데이터를 제공해드립니다.";
				INFOPLIST_KEY_NSLocationWhenInUseUsageDescription = "사용자의 위치를 필요 시 쓰겠습니다.";
				INFOPLIST_KEY_UIApplicationSupportsIndirectInputEvents = YES;
				INFOPLIST_KEY_UILaunchStoryboardName = LaunchScreen;
				INFOPLIST_KEY_UISupportedInterfaceOrientations = UIInterfaceOrientationPortrait;
				INFOPLIST_KEY_UISupportedInterfaceOrientations_iPad = "UIInterfaceOrientationLandscapeLeft UIInterfaceOrientationLandscapeRight UIInterfaceOrientationPortrait UIInterfaceOrientationPortraitUpsideDown";
				IPHONEOS_DEPLOYMENT_TARGET = 15.0;
				LD_RUNPATH_SEARCH_PATHS = (
					"$(inherited)",
					"@executable_path/Frameworks",
				);
				MARKETING_VERSION = 1.0;
				PRODUCT_BUNDLE_IDENTIFIER = kr.codesquad.boostcamp8.MusicSpot;
				PRODUCT_NAME = "$(TARGET_NAME)";
				SUPPORTED_PLATFORMS = "iphoneos iphonesimulator";
				SUPPORTS_MACCATALYST = NO;
				SUPPORTS_MAC_DESIGNED_FOR_IPHONE_IPAD = NO;
				SWIFT_EMIT_LOC_STRINGS = YES;
				SWIFT_VERSION = 5.0;
				TARGETED_DEVICE_FAMILY = 1;
			};
			name = Debug;
		};
		DD73F86B2B024C4B00EE9BF2 /* Release */ = {
			isa = XCBuildConfiguration;
			buildSettings = {
				ASSETCATALOG_COMPILER_APPICON_NAME = AppIcon;
				ASSETCATALOG_COMPILER_GLOBAL_ACCENT_COLOR_NAME = AccentColor;
				CODE_SIGN_STYLE = Automatic;
				CURRENT_PROJECT_VERSION = 1;
				DEVELOPMENT_TEAM = B3PWYBKFUK;
				GENERATE_INFOPLIST_FILE = YES;
				INFOPLIST_FILE = MusicSpot/Info.plist;
				INFOPLIST_KEY_CFBundleDisplayName = MusicSpot;
				INFOPLIST_KEY_LSApplicationCategoryType = "public.app-category.travel";
				INFOPLIST_KEY_NSLocationAlwaysAndWhenInUseUsageDescription = "사용자의 위치 정보에 대한 엑세스가 필요합니다.";
				INFOPLIST_KEY_NSLocationUsageDescription = "사용자의 위치 정보를 통해 실시간 위치 표시 및 데이터를 제공해드립니다.";
				INFOPLIST_KEY_NSLocationWhenInUseUsageDescription = "사용자의 위치를 필요 시 쓰겠습니다.";
				INFOPLIST_KEY_UIApplicationSupportsIndirectInputEvents = YES;
				INFOPLIST_KEY_UILaunchStoryboardName = LaunchScreen;
				INFOPLIST_KEY_UISupportedInterfaceOrientations = UIInterfaceOrientationPortrait;
				INFOPLIST_KEY_UISupportedInterfaceOrientations_iPad = "UIInterfaceOrientationLandscapeLeft UIInterfaceOrientationLandscapeRight UIInterfaceOrientationPortrait UIInterfaceOrientationPortraitUpsideDown";
				IPHONEOS_DEPLOYMENT_TARGET = 15.0;
				LD_RUNPATH_SEARCH_PATHS = (
					"$(inherited)",
					"@executable_path/Frameworks",
				);
				MARKETING_VERSION = 1.0;
				PRODUCT_BUNDLE_IDENTIFIER = kr.codesquad.boostcamp8.MusicSpot;
				PRODUCT_NAME = "$(TARGET_NAME)";
				SUPPORTED_PLATFORMS = "iphoneos iphonesimulator";
				SUPPORTS_MACCATALYST = NO;
				SUPPORTS_MAC_DESIGNED_FOR_IPHONE_IPAD = NO;
				SWIFT_EMIT_LOC_STRINGS = YES;
				SWIFT_VERSION = 5.0;
				TARGETED_DEVICE_FAMILY = 1;
			};
			name = Release;
		};
/* End XCBuildConfiguration section */

/* Begin XCConfigurationList section */
		DD73F8502B024C4900EE9BF2 /* Build configuration list for PBXProject "MusicSpot" */ = {
			isa = XCConfigurationList;
			buildConfigurations = (
				DD73F8672B024C4B00EE9BF2 /* Debug */,
				DD73F8682B024C4B00EE9BF2 /* Release */,
			);
			defaultConfigurationIsVisible = 0;
			defaultConfigurationName = Release;
		};
		DD73F8692B024C4B00EE9BF2 /* Build configuration list for PBXNativeTarget "MusicSpot" */ = {
			isa = XCConfigurationList;
			buildConfigurations = (
				DD73F86A2B024C4B00EE9BF2 /* Debug */,
				DD73F86B2B024C4B00EE9BF2 /* Release */,
			);
			defaultConfigurationIsVisible = 0;
			defaultConfigurationName = Release;
		};
/* End XCConfigurationList section */

/* Begin XCLocalSwiftPackageReference section */
		DDCDDA152B18F4B8008E66D1 /* XCLocalSwiftPackageReference "../Features/Home" */ = {
			isa = XCLocalSwiftPackageReference;
			relativePath = ../Features/Home;
		};
		DDCDDA1A2B18F4BE008E66D1 /* XCLocalSwiftPackageReference "../Features/JourneyList" */ = {
			isa = XCLocalSwiftPackageReference;
			relativePath = ../Features/JourneyList;
		};
		DDCDDA1D2B18F4C6008E66D1 /* XCLocalSwiftPackageReference "../Features/RewindJourney" */ = {
			isa = XCLocalSwiftPackageReference;
			relativePath = ../Features/RewindJourney;
		};
		DDCDDA202B18F4CD008E66D1 /* XCLocalSwiftPackageReference "../Features/SaveJourney" */ = {
			isa = XCLocalSwiftPackageReference;
			relativePath = ../Features/SaveJourney;
		};
		DDCDDA232B18F4D7008E66D1 /* XCLocalSwiftPackageReference "../Features/SelectSong" */ = {
			isa = XCLocalSwiftPackageReference;
			relativePath = ../Features/SelectSong;
		};
		DDCDDA262B18F4DE008E66D1 /* XCLocalSwiftPackageReference "../Features/Spot" */ = {
			isa = XCLocalSwiftPackageReference;
			relativePath = ../Features/Spot;
		};
/* End XCLocalSwiftPackageReference section */

/* Begin XCSwiftPackageProductDependency section */
		DD9782702B1902B8003CB134 /* Home */ = {
			isa = XCSwiftPackageProductDependency;
			package = DDCDDA152B18F4B8008E66D1 /* XCLocalSwiftPackageReference "../Features/Home" */;
			productName = Home;
		};
		DDCDDA162B18F4B8008E66D1 /* NavigateMap */ = {
			isa = XCSwiftPackageProductDependency;
			productName = NavigateMap;
		};
		DDCDDA182B18F4B8008E66D1 /* RecordJourney */ = {
			isa = XCSwiftPackageProductDependency;
			productName = RecordJourney;
		};
		DDCDDA1B2B18F4BE008E66D1 /* JourneyList */ = {
			isa = XCSwiftPackageProductDependency;
			productName = JourneyList;
		};
		DDCDDA1E2B18F4C6008E66D1 /* RewindJourney */ = {
			isa = XCSwiftPackageProductDependency;
			productName = RewindJourney;
		};
		DDCDDA212B18F4CD008E66D1 /* SaveJourney */ = {
			isa = XCSwiftPackageProductDependency;
			productName = SaveJourney;
		};
		DDCDDA242B18F4D7008E66D1 /* SelectSong */ = {
			isa = XCSwiftPackageProductDependency;
			productName = SelectSong;
		};
		DDCDDA272B18F4DE008E66D1 /* Spot */ = {
			isa = XCSwiftPackageProductDependency;
			productName = Spot;
		};
/* End XCSwiftPackageProductDependency section */
	};
	rootObject = DD73F84D2B024C4900EE9BF2 /* Project object */;
}
