// !$*UTF8*$!
{
	archiveVersion = 1;
	classes = {
	};
	objectVersion = 60;
	objects = {

/* Begin PBXBuildFile section */
		FD0C9DB32C1486C900431233 /* MSSwiftUI in Frameworks */ = {isa = PBXBuildFile; productRef = FD0C9DB22C1486C900431233 /* MSSwiftUI */; };
		FD0C9DB62C1486D300431233 /* Home in Frameworks */ = {isa = PBXBuildFile; productRef = FD0C9DB52C1486D300431233 /* Home */; };
		FD40A5062BCD55D300518B9F /* MusicSpotApp.swift in Sources */ = {isa = PBXBuildFile; fileRef = FD40A5052BCD55D300518B9F /* MusicSpotApp.swift */; };
		FD40A50A2BCD55D400518B9F /* Assets.xcassets in Resources */ = {isa = PBXBuildFile; fileRef = FD40A5092BCD55D400518B9F /* Assets.xcassets */; };
		FD40A50E2BCD55D400518B9F /* Preview Assets.xcassets in Resources */ = {isa = PBXBuildFile; fileRef = FD40A50D2BCD55D400518B9F /* Preview Assets.xcassets */; };
		FD93FDFB2C421B2B00BDCDE1 /* .swiftformat in Resources */ = {isa = PBXBuildFile; fileRef = FD93FDFA2C421B2B00BDCDE1 /* .swiftformat */; };
		FDAD84D62C0F5713003DB689 /* MSSwiftUI in Frameworks */ = {isa = PBXBuildFile; productRef = FDAD84D52C0F5713003DB689 /* MSSwiftUI */; };
		FDAD84D92C0F5721003DB689 /* Home in Frameworks */ = {isa = PBXBuildFile; productRef = FDAD84D82C0F5721003DB689 /* Home */; };
		FDDA4E022C14AA5B00670AEF /* Home in Frameworks */ = {isa = PBXBuildFile; productRef = FDDA4E012C14AA5B00670AEF /* Home */; };
		FDDA4E052C14AA6500670AEF /* MSSwiftUI in Frameworks */ = {isa = PBXBuildFile; productRef = FDDA4E042C14AA6500670AEF /* MSSwiftUI */; };
		FDED74082C2BF5990076CBC6 /* Home in Frameworks */ = {isa = PBXBuildFile; productRef = FDED74072C2BF5990076CBC6 /* Home */; };
		FDED740B2C2BF5AE0076CBC6 /* MSSwiftUI in Frameworks */ = {isa = PBXBuildFile; productRef = FDED740A2C2BF5AE0076CBC6 /* MSSwiftUI */; };
		FDED740D2C2BF6150076CBC6 /* .swiftlint.yml in Resources */ = {isa = PBXBuildFile; fileRef = FDED740C2C2BF6150076CBC6 /* .swiftlint.yml */; };
		FDED740F2C2BF6240076CBC6 /* .pre-commit-config.yaml in Resources */ = {isa = PBXBuildFile; fileRef = FDED740E2C2BF6240076CBC6 /* .pre-commit-config.yaml */; };
		FDED74152C2C15BF0076CBC6 /* MSCoreKit in Resources */ = {isa = PBXBuildFile; fileRef = FDED74102C2C15BF0076CBC6 /* MSCoreKit */; };
		FDED74162C2C15BF0076CBC6 /* MSData in Resources */ = {isa = PBXBuildFile; fileRef = FDED74112C2C15BF0076CBC6 /* MSData */; };
		FDED74172C2C15BF0076CBC6 /* MSDomain in Resources */ = {isa = PBXBuildFile; fileRef = FDED74122C2C15BF0076CBC6 /* MSDomain */; };
		FDED74182C2C15BF0076CBC6 /* MSFoundation in Resources */ = {isa = PBXBuildFile; fileRef = FDED74132C2C15BF0076CBC6 /* MSFoundation */; };
		FDED74192C2C15BF0076CBC6 /* MSFusion in Resources */ = {isa = PBXBuildFile; fileRef = FDED74142C2C15BF0076CBC6 /* MSFusion */; };
/* End PBXBuildFile section */

/* Begin PBXFileReference section */
		FD09AF212BDC996100DDB283 /* Home */ = {isa = PBXFileReference; lastKnownFileType = wrapper; path = Home; sourceTree = "<group>"; };
		FD09AF252BDC9A8000DDB283 /* Journey */ = {isa = PBXFileReference; lastKnownFileType = wrapper; path = Journey; sourceTree = "<group>"; };
		FD40A5022BCD55D300518B9F /* MusicSpot.app */ = {isa = PBXFileReference; explicitFileType = wrapper.application; includeInIndex = 0; path = MusicSpot.app; sourceTree = BUILT_PRODUCTS_DIR; };
		FD40A5052BCD55D300518B9F /* MusicSpotApp.swift */ = {isa = PBXFileReference; lastKnownFileType = sourcecode.swift; path = MusicSpotApp.swift; sourceTree = "<group>"; };
		FD40A5092BCD55D400518B9F /* Assets.xcassets */ = {isa = PBXFileReference; lastKnownFileType = folder.assetcatalog; path = Assets.xcassets; sourceTree = "<group>"; };
		FD40A50B2BCD55D400518B9F /* MusicSpot.entitlements */ = {isa = PBXFileReference; lastKnownFileType = text.plist.entitlements; path = MusicSpot.entitlements; sourceTree = "<group>"; };
		FD40A50D2BCD55D400518B9F /* Preview Assets.xcassets */ = {isa = PBXFileReference; lastKnownFileType = folder.assetcatalog; path = "Preview Assets.xcassets"; sourceTree = "<group>"; };
		FD93FDFA2C421B2B00BDCDE1 /* .swiftformat */ = {isa = PBXFileReference; lastKnownFileType = text; name = .swiftformat; path = ../.swiftformat; sourceTree = "<group>"; };
		FDA692282BD0163300069E2E /* Info.plist */ = {isa = PBXFileReference; lastKnownFileType = text.plist; path = Info.plist; sourceTree = "<group>"; };
		FDED740C2C2BF6150076CBC6 /* .swiftlint.yml */ = {isa = PBXFileReference; lastKnownFileType = text.yaml; name = .swiftlint.yml; path = ../.swiftlint.yml; sourceTree = "<group>"; };
		FDED740E2C2BF6240076CBC6 /* .pre-commit-config.yaml */ = {isa = PBXFileReference; lastKnownFileType = text.yaml; name = ".pre-commit-config.yaml"; path = "../../.pre-commit-config.yaml"; sourceTree = "<group>"; };
		FDED74102C2C15BF0076CBC6 /* MSCoreKit */ = {isa = PBXFileReference; lastKnownFileType = wrapper; path = MSCoreKit; sourceTree = "<group>"; };
		FDED74112C2C15BF0076CBC6 /* MSData */ = {isa = PBXFileReference; lastKnownFileType = wrapper; path = MSData; sourceTree = "<group>"; };
		FDED74122C2C15BF0076CBC6 /* MSDomain */ = {isa = PBXFileReference; lastKnownFileType = wrapper; path = MSDomain; sourceTree = "<group>"; };
		FDED74132C2C15BF0076CBC6 /* MSFoundation */ = {isa = PBXFileReference; lastKnownFileType = wrapper; path = MSFoundation; sourceTree = "<group>"; };
		FDED74142C2C15BF0076CBC6 /* MSFusion */ = {isa = PBXFileReference; lastKnownFileType = wrapper; path = MSFusion; sourceTree = "<group>"; };
/* End PBXFileReference section */

/* Begin PBXFrameworksBuildPhase section */
		FD40A4FF2BCD55D300518B9F /* Frameworks */ = {
			isa = PBXFrameworksBuildPhase;
			buildActionMask = 2147483647;
			files = (
				FDAD84D62C0F5713003DB689 /* MSSwiftUI in Frameworks */,
				FD0C9DB62C1486D300431233 /* Home in Frameworks */,
				FD0C9DB32C1486C900431233 /* MSSwiftUI in Frameworks */,
				FDDA4E022C14AA5B00670AEF /* Home in Frameworks */,
				FDED740B2C2BF5AE0076CBC6 /* MSSwiftUI in Frameworks */,
				FDDA4E052C14AA6500670AEF /* MSSwiftUI in Frameworks */,
				FDAD84D92C0F5721003DB689 /* Home in Frameworks */,
				FDED74082C2BF5990076CBC6 /* Home in Frameworks */,
			);
			runOnlyForDeploymentPostprocessing = 0;
		};
/* End PBXFrameworksBuildPhase section */

/* Begin PBXGroup section */
		FD40A4F92BCD55D300518B9F = {
			isa = PBXGroup;
			children = (
				FDED740E2C2BF6240076CBC6 /* .pre-commit-config.yaml */,
				FD93FDFA2C421B2B00BDCDE1 /* .swiftformat */,
				FDED740C2C2BF6150076CBC6 /* .swiftlint.yml */,
				FDED74102C2C15BF0076CBC6 /* MSCoreKit */,
				FDED74112C2C15BF0076CBC6 /* MSData */,
				FDED74122C2C15BF0076CBC6 /* MSDomain */,
				FDED74132C2C15BF0076CBC6 /* MSFoundation */,
				FDED74142C2C15BF0076CBC6 /* MSFusion */,
				FDD0C7FE2BCD5B73004FB9C0 /* Features */,
				FD40A5042BCD55D300518B9F /* MusicSpot */,
				FD40A5032BCD55D300518B9F /* Products */,
			);
			sourceTree = "<group>";
		};
		FD40A5032BCD55D300518B9F /* Products */ = {
			isa = PBXGroup;
			children = (
				FD40A5022BCD55D300518B9F /* MusicSpot.app */,
			);
			name = Products;
			sourceTree = "<group>";
		};
		FD40A5042BCD55D300518B9F /* MusicSpot */ = {
			isa = PBXGroup;
			children = (
				FDA692282BD0163300069E2E /* Info.plist */,
				FD40A5052BCD55D300518B9F /* MusicSpotApp.swift */,
				FD40A5092BCD55D400518B9F /* Assets.xcassets */,
				FD40A50B2BCD55D400518B9F /* MusicSpot.entitlements */,
				FD40A50C2BCD55D400518B9F /* Preview Content */,
			);
			path = MusicSpot;
			sourceTree = "<group>";
		};
		FD40A50C2BCD55D400518B9F /* Preview Content */ = {
			isa = PBXGroup;
			children = (
				FD40A50D2BCD55D400518B9F /* Preview Assets.xcassets */,
			);
			path = "Preview Content";
			sourceTree = "<group>";
		};
		FDD0C7FE2BCD5B73004FB9C0 /* Features */ = {
			isa = PBXGroup;
			children = (
				FD09AF252BDC9A8000DDB283 /* Journey */,
				FD09AF212BDC996100DDB283 /* Home */,
			);
			path = Features;
			sourceTree = "<group>";
		};
/* End PBXGroup section */

/* Begin PBXNativeTarget section */
		FD40A5012BCD55D300518B9F /* MusicSpot */ = {
			isa = PBXNativeTarget;
			buildConfigurationList = FD40A5112BCD55D400518B9F /* Build configuration list for PBXNativeTarget "MusicSpot" */;
			buildPhases = (
				FD40A4FE2BCD55D300518B9F /* Sources */,
				FD40A4FF2BCD55D300518B9F /* Frameworks */,
				FD40A5002BCD55D300518B9F /* Resources */,
			);
			buildRules = (
			);
			dependencies = (
				FD7EFF122C0E154400093637 /* PBXTargetDependency */,
			);
			name = MusicSpot;
			packageProductDependencies = (
				FDAD84D52C0F5713003DB689 /* MSSwiftUI */,
				FDAD84D82C0F5721003DB689 /* Home */,
				FD0C9DB22C1486C900431233 /* MSSwiftUI */,
				FD0C9DB52C1486D300431233 /* Home */,
				FDDA4E012C14AA5B00670AEF /* Home */,
				FDDA4E042C14AA6500670AEF /* MSSwiftUI */,
				FDED74072C2BF5990076CBC6 /* Home */,
				FDED740A2C2BF5AE0076CBC6 /* MSSwiftUI */,
			);
			productName = MusicSpot;
			productReference = FD40A5022BCD55D300518B9F /* MusicSpot.app */;
			productType = "com.apple.product-type.application";
		};
/* End PBXNativeTarget section */

/* Begin PBXProject section */
		FD40A4FA2BCD55D300518B9F /* Project object */ = {
			isa = PBXProject;
			attributes = {
				BuildIndependentTargetsInParallel = 1;
				LastSwiftUpdateCheck = 1530;
				LastUpgradeCheck = 1530;
				TargetAttributes = {
					FD40A5012BCD55D300518B9F = {
						CreatedOnToolsVersion = 15.3;
					};
				};
			};
			buildConfigurationList = FD40A4FD2BCD55D300518B9F /* Build configuration list for PBXProject "MusicSpot" */;
			compatibilityVersion = "Xcode 14.0";
			developmentRegion = en;
			hasScannedForEncodings = 0;
			knownRegions = (
				en,
				Base,
			);
			mainGroup = FD40A4F92BCD55D300518B9F;
			packageReferences = (
				FD7EFF102C0E149E00093637 /* XCRemoteSwiftPackageReference "SwiftLint" */,
				FDED74062C2BF5990076CBC6 /* XCLocalSwiftPackageReference "Features/Home" */,
				FDED74092C2BF5AE0076CBC6 /* XCLocalSwiftPackageReference "MSFusion" */,
			);
			productRefGroup = FD40A5032BCD55D300518B9F /* Products */;
			projectDirPath = "";
			projectRoot = "";
			targets = (
				FD40A5012BCD55D300518B9F /* MusicSpot */,
			);
		};
/* End PBXProject section */

/* Begin PBXResourcesBuildPhase section */
		FD40A5002BCD55D300518B9F /* Resources */ = {
			isa = PBXResourcesBuildPhase;
			buildActionMask = 2147483647;
			files = (
				FD93FDFB2C421B2B00BDCDE1 /* .swiftformat in Resources */,
				FDED74152C2C15BF0076CBC6 /* MSCoreKit in Resources */,
				FDED74162C2C15BF0076CBC6 /* MSData in Resources */,
				FDED74172C2C15BF0076CBC6 /* MSDomain in Resources */,
				FDED74182C2C15BF0076CBC6 /* MSFoundation in Resources */,
				FDED74192C2C15BF0076CBC6 /* MSFusion in Resources */,
				FDED740D2C2BF6150076CBC6 /* .swiftlint.yml in Resources */,
				FDED740F2C2BF6240076CBC6 /* .pre-commit-config.yaml in Resources */,
				FD40A50E2BCD55D400518B9F /* Preview Assets.xcassets in Resources */,
				FD40A50A2BCD55D400518B9F /* Assets.xcassets in Resources */,
			);
			runOnlyForDeploymentPostprocessing = 0;
		};
/* End PBXResourcesBuildPhase section */

/* Begin PBXSourcesBuildPhase section */
		FD40A4FE2BCD55D300518B9F /* Sources */ = {
			isa = PBXSourcesBuildPhase;
			buildActionMask = 2147483647;
			files = (
				FD40A5062BCD55D300518B9F /* MusicSpotApp.swift in Sources */,
			);
			runOnlyForDeploymentPostprocessing = 0;
		};
/* End PBXSourcesBuildPhase section */

/* Begin PBXTargetDependency section */
		FD7EFF122C0E154400093637 /* PBXTargetDependency */ = {
			isa = PBXTargetDependency;
			productRef = FD7EFF112C0E154400093637 /* SwiftLintBuildToolPlugin */;
		};
/* End PBXTargetDependency section */

/* Begin XCBuildConfiguration section */
		FD40A50F2BCD55D400518B9F /* Debug */ = {
			isa = XCBuildConfiguration;
			buildSettings = {
				ALWAYS_SEARCH_USER_PATHS = NO;
				ASSETCATALOG_COMPILER_GENERATE_SWIFT_ASSET_SYMBOL_EXTENSIONS = YES;
				CLANG_ANALYZER_NONNULL = YES;
				CLANG_ANALYZER_NUMBER_OBJECT_CONVERSION = YES_AGGRESSIVE;
				CLANG_CXX_LANGUAGE_STANDARD = "gnu++20";
				CLANG_ENABLE_MODULES = YES;
				CLANG_ENABLE_OBJC_ARC = YES;
				CLANG_ENABLE_OBJC_WEAK = YES;
				CLANG_WARN_BLOCK_CAPTURE_AUTORELEASING = YES;
				CLANG_WARN_BOOL_CONVERSION = YES;
				CLANG_WARN_COMMA = YES;
				CLANG_WARN_CONSTANT_CONVERSION = YES;
				CLANG_WARN_DEPRECATED_OBJC_IMPLEMENTATIONS = YES;
				CLANG_WARN_DIRECT_OBJC_ISA_USAGE = YES_ERROR;
				CLANG_WARN_DOCUMENTATION_COMMENTS = YES;
				CLANG_WARN_EMPTY_BODY = YES;
				CLANG_WARN_ENUM_CONVERSION = YES;
				CLANG_WARN_INFINITE_RECURSION = YES;
				CLANG_WARN_INT_CONVERSION = YES;
				CLANG_WARN_NON_LITERAL_NULL_CONVERSION = YES;
				CLANG_WARN_OBJC_IMPLICIT_RETAIN_SELF = YES;
				CLANG_WARN_OBJC_LITERAL_CONVERSION = YES;
				CLANG_WARN_OBJC_ROOT_CLASS = YES_ERROR;
				CLANG_WARN_QUOTED_INCLUDE_IN_FRAMEWORK_HEADER = YES;
				CLANG_WARN_RANGE_LOOP_ANALYSIS = YES;
				CLANG_WARN_STRICT_PROTOTYPES = YES;
				CLANG_WARN_SUSPICIOUS_MOVE = YES;
				CLANG_WARN_UNGUARDED_AVAILABILITY = YES_AGGRESSIVE;
				CLANG_WARN_UNREACHABLE_CODE = YES;
				CLANG_WARN__DUPLICATE_METHOD_MATCH = YES;
				COPY_PHASE_STRIP = NO;
				DEAD_CODE_STRIPPING = YES;
				DEBUG_INFORMATION_FORMAT = dwarf;
				ENABLE_STRICT_OBJC_MSGSEND = YES;
				ENABLE_TESTABILITY = YES;
				ENABLE_USER_SCRIPT_SANDBOXING = YES;
				GCC_C_LANGUAGE_STANDARD = gnu17;
				GCC_DYNAMIC_NO_PIC = NO;
				GCC_NO_COMMON_BLOCKS = YES;
				GCC_OPTIMIZATION_LEVEL = 0;
				GCC_PREPROCESSOR_DEFINITIONS = (
					"DEBUG=1",
					"$(inherited)",
				);
				GCC_WARN_64_TO_32_BIT_CONVERSION = YES;
				GCC_WARN_ABOUT_RETURN_TYPE = YES_ERROR;
				GCC_WARN_UNDECLARED_SELECTOR = YES;
				GCC_WARN_UNINITIALIZED_AUTOS = YES_AGGRESSIVE;
				GCC_WARN_UNUSED_FUNCTION = YES;
				GCC_WARN_UNUSED_VARIABLE = YES;
				LOCALIZATION_PREFERS_STRING_CATALOGS = YES;
				MTL_ENABLE_DEBUG_INFO = INCLUDE_SOURCE;
				MTL_FAST_MATH = YES;
				ONLY_ACTIVE_ARCH = YES;
				SWIFT_ACTIVE_COMPILATION_CONDITIONS = "DEBUG $(inherited)";
				SWIFT_OPTIMIZATION_LEVEL = "-Onone";
			};
			name = Debug;
		};
		FD40A5102BCD55D400518B9F /* Release */ = {
			isa = XCBuildConfiguration;
			buildSettings = {
				ALWAYS_SEARCH_USER_PATHS = NO;
				ASSETCATALOG_COMPILER_GENERATE_SWIFT_ASSET_SYMBOL_EXTENSIONS = YES;
				CLANG_ANALYZER_NONNULL = YES;
				CLANG_ANALYZER_NUMBER_OBJECT_CONVERSION = YES_AGGRESSIVE;
				CLANG_CXX_LANGUAGE_STANDARD = "gnu++20";
				CLANG_ENABLE_MODULES = YES;
				CLANG_ENABLE_OBJC_ARC = YES;
				CLANG_ENABLE_OBJC_WEAK = YES;
				CLANG_WARN_BLOCK_CAPTURE_AUTORELEASING = YES;
				CLANG_WARN_BOOL_CONVERSION = YES;
				CLANG_WARN_COMMA = YES;
				CLANG_WARN_CONSTANT_CONVERSION = YES;
				CLANG_WARN_DEPRECATED_OBJC_IMPLEMENTATIONS = YES;
				CLANG_WARN_DIRECT_OBJC_ISA_USAGE = YES_ERROR;
				CLANG_WARN_DOCUMENTATION_COMMENTS = YES;
				CLANG_WARN_EMPTY_BODY = YES;
				CLANG_WARN_ENUM_CONVERSION = YES;
				CLANG_WARN_INFINITE_RECURSION = YES;
				CLANG_WARN_INT_CONVERSION = YES;
				CLANG_WARN_NON_LITERAL_NULL_CONVERSION = YES;
				CLANG_WARN_OBJC_IMPLICIT_RETAIN_SELF = YES;
				CLANG_WARN_OBJC_LITERAL_CONVERSION = YES;
				CLANG_WARN_OBJC_ROOT_CLASS = YES_ERROR;
				CLANG_WARN_QUOTED_INCLUDE_IN_FRAMEWORK_HEADER = YES;
				CLANG_WARN_RANGE_LOOP_ANALYSIS = YES;
				CLANG_WARN_STRICT_PROTOTYPES = YES;
				CLANG_WARN_SUSPICIOUS_MOVE = YES;
				CLANG_WARN_UNGUARDED_AVAILABILITY = YES_AGGRESSIVE;
				CLANG_WARN_UNREACHABLE_CODE = YES;
				CLANG_WARN__DUPLICATE_METHOD_MATCH = YES;
				COPY_PHASE_STRIP = NO;
				DEAD_CODE_STRIPPING = YES;
				DEBUG_INFORMATION_FORMAT = "dwarf-with-dsym";
				ENABLE_NS_ASSERTIONS = NO;
				ENABLE_STRICT_OBJC_MSGSEND = YES;
				ENABLE_USER_SCRIPT_SANDBOXING = YES;
				GCC_C_LANGUAGE_STANDARD = gnu17;
				GCC_NO_COMMON_BLOCKS = YES;
				GCC_WARN_64_TO_32_BIT_CONVERSION = YES;
				GCC_WARN_ABOUT_RETURN_TYPE = YES_ERROR;
				GCC_WARN_UNDECLARED_SELECTOR = YES;
				GCC_WARN_UNINITIALIZED_AUTOS = YES_AGGRESSIVE;
				GCC_WARN_UNUSED_FUNCTION = YES;
				GCC_WARN_UNUSED_VARIABLE = YES;
				LOCALIZATION_PREFERS_STRING_CATALOGS = YES;
				MTL_ENABLE_DEBUG_INFO = NO;
				MTL_FAST_MATH = YES;
				SWIFT_COMPILATION_MODE = wholemodule;
			};
			name = Release;
		};
		FD40A5122BCD55D400518B9F /* Debug */ = {
			isa = XCBuildConfiguration;
			buildSettings = {
				ASSETCATALOG_COMPILER_APPICON_NAME = AppIcon;
				ASSETCATALOG_COMPILER_GLOBAL_ACCENT_COLOR_NAME = AccentColor;
				CODE_SIGN_ENTITLEMENTS = MusicSpot/MusicSpot.entitlements;
				CODE_SIGN_STYLE = Automatic;
				CURRENT_PROJECT_VERSION = 1;
				DEAD_CODE_STRIPPING = YES;
				DEVELOPMENT_ASSET_PATHS = "\"MusicSpot/Preview Content\"";
				DEVELOPMENT_TEAM = XW996HTK32;
				ENABLE_HARDENED_RUNTIME = YES;
				ENABLE_PREVIEWS = YES;
				GENERATE_INFOPLIST_FILE = YES;
				INFOPLIST_FILE = MusicSpot/Info.plist;
				INFOPLIST_KEY_CFBundleDisplayName = MusicSpot;
				INFOPLIST_KEY_LSApplicationCategoryType = "public.app-category.travel";
				INFOPLIST_KEY_NSLocationWhenInUseUsageDescription = "여정 기록을 위한 위치 권한이 필요합니다.";
				"INFOPLIST_KEY_UIApplicationSceneManifest_Generation[sdk=iphoneos*]" = YES;
				"INFOPLIST_KEY_UIApplicationSceneManifest_Generation[sdk=iphonesimulator*]" = YES;
				"INFOPLIST_KEY_UIApplicationSupportsIndirectInputEvents[sdk=iphoneos*]" = YES;
				"INFOPLIST_KEY_UIApplicationSupportsIndirectInputEvents[sdk=iphonesimulator*]" = YES;
				"INFOPLIST_KEY_UILaunchScreen_Generation[sdk=iphoneos*]" = YES;
				"INFOPLIST_KEY_UILaunchScreen_Generation[sdk=iphonesimulator*]" = YES;
				"INFOPLIST_KEY_UIStatusBarStyle[sdk=iphoneos*]" = UIStatusBarStyleDefault;
				"INFOPLIST_KEY_UIStatusBarStyle[sdk=iphonesimulator*]" = UIStatusBarStyleDefault;
				INFOPLIST_KEY_UISupportedInterfaceOrientations_iPad = "UIInterfaceOrientationPortrait UIInterfaceOrientationPortraitUpsideDown UIInterfaceOrientationLandscapeLeft UIInterfaceOrientationLandscapeRight";
				INFOPLIST_KEY_UISupportedInterfaceOrientations_iPhone = "UIInterfaceOrientationPortrait UIInterfaceOrientationLandscapeLeft UIInterfaceOrientationLandscapeRight";
				IPHONEOS_DEPLOYMENT_TARGET = 17.0;
				LD_RUNPATH_SEARCH_PATHS = "@executable_path/Frameworks";
				"LD_RUNPATH_SEARCH_PATHS[sdk=macosx*]" = "@executable_path/../Frameworks";
				MACOSX_DEPLOYMENT_TARGET = 14.4;
				MARKETING_VERSION = 0.6.0;
				PRODUCT_BUNDLE_IDENTIFIER = kr.codesquad.boostcamp8.MusicSpot;
				PRODUCT_NAME = "$(TARGET_NAME)";
				SDKROOT = auto;
				SUPPORTED_PLATFORMS = "iphoneos iphonesimulator";
				SUPPORTS_MACCATALYST = NO;
				SWIFT_EMIT_LOC_STRINGS = YES;
				SWIFT_VERSION = 6.0;
				TARGETED_DEVICE_FAMILY = 1;
			};
			name = Debug;
		};
		FD40A5132BCD55D400518B9F /* Release */ = {
			isa = XCBuildConfiguration;
			buildSettings = {
				ASSETCATALOG_COMPILER_APPICON_NAME = AppIcon;
				ASSETCATALOG_COMPILER_GLOBAL_ACCENT_COLOR_NAME = AccentColor;
				CODE_SIGN_ENTITLEMENTS = MusicSpot/MusicSpot.entitlements;
				CODE_SIGN_STYLE = Automatic;
				CURRENT_PROJECT_VERSION = 1;
				DEAD_CODE_STRIPPING = YES;
				DEVELOPMENT_ASSET_PATHS = "\"MusicSpot/Preview Content\"";
				DEVELOPMENT_TEAM = XW996HTK32;
				ENABLE_HARDENED_RUNTIME = YES;
				ENABLE_PREVIEWS = YES;
				GENERATE_INFOPLIST_FILE = YES;
				INFOPLIST_FILE = MusicSpot/Info.plist;
				INFOPLIST_KEY_CFBundleDisplayName = MusicSpot;
				INFOPLIST_KEY_LSApplicationCategoryType = "public.app-category.travel";
				INFOPLIST_KEY_NSLocationWhenInUseUsageDescription = "여정 기록을 위한 위치 권한이 필요합니다.";
				"INFOPLIST_KEY_UIApplicationSceneManifest_Generation[sdk=iphoneos*]" = YES;
				"INFOPLIST_KEY_UIApplicationSceneManifest_Generation[sdk=iphonesimulator*]" = YES;
				"INFOPLIST_KEY_UIApplicationSupportsIndirectInputEvents[sdk=iphoneos*]" = YES;
				"INFOPLIST_KEY_UIApplicationSupportsIndirectInputEvents[sdk=iphonesimulator*]" = YES;
				"INFOPLIST_KEY_UILaunchScreen_Generation[sdk=iphoneos*]" = YES;
				"INFOPLIST_KEY_UILaunchScreen_Generation[sdk=iphonesimulator*]" = YES;
				"INFOPLIST_KEY_UIStatusBarStyle[sdk=iphoneos*]" = UIStatusBarStyleDefault;
				"INFOPLIST_KEY_UIStatusBarStyle[sdk=iphonesimulator*]" = UIStatusBarStyleDefault;
				INFOPLIST_KEY_UISupportedInterfaceOrientations_iPad = "UIInterfaceOrientationPortrait UIInterfaceOrientationPortraitUpsideDown UIInterfaceOrientationLandscapeLeft UIInterfaceOrientationLandscapeRight";
				INFOPLIST_KEY_UISupportedInterfaceOrientations_iPhone = "UIInterfaceOrientationPortrait UIInterfaceOrientationLandscapeLeft UIInterfaceOrientationLandscapeRight";
				IPHONEOS_DEPLOYMENT_TARGET = 17.0;
				LD_RUNPATH_SEARCH_PATHS = "@executable_path/Frameworks";
				"LD_RUNPATH_SEARCH_PATHS[sdk=macosx*]" = "@executable_path/../Frameworks";
				MACOSX_DEPLOYMENT_TARGET = 14.4;
				MARKETING_VERSION = 0.6.0;
				PRODUCT_BUNDLE_IDENTIFIER = kr.codesquad.boostcamp8.MusicSpot;
				PRODUCT_NAME = "$(TARGET_NAME)";
				SDKROOT = auto;
				SUPPORTED_PLATFORMS = "iphoneos iphonesimulator";
				SUPPORTS_MACCATALYST = NO;
				SWIFT_EMIT_LOC_STRINGS = YES;
				SWIFT_VERSION = 6.0;
				TARGETED_DEVICE_FAMILY = 1;
			};
			name = Release;
		};
/* End XCBuildConfiguration section */

/* Begin XCConfigurationList section */
		FD40A4FD2BCD55D300518B9F /* Build configuration list for PBXProject "MusicSpot" */ = {
			isa = XCConfigurationList;
			buildConfigurations = (
				FD40A50F2BCD55D400518B9F /* Debug */,
				FD40A5102BCD55D400518B9F /* Release */,
			);
			defaultConfigurationIsVisible = 0;
			defaultConfigurationName = Release;
		};
		FD40A5112BCD55D400518B9F /* Build configuration list for PBXNativeTarget "MusicSpot" */ = {
			isa = XCConfigurationList;
			buildConfigurations = (
				FD40A5122BCD55D400518B9F /* Debug */,
				FD40A5132BCD55D400518B9F /* Release */,
			);
			defaultConfigurationIsVisible = 0;
			defaultConfigurationName = Release;
		};
/* End XCConfigurationList section */

/* Begin XCLocalSwiftPackageReference section */
		FDED74062C2BF5990076CBC6 /* XCLocalSwiftPackageReference "Features/Home" */ = {
			isa = XCLocalSwiftPackageReference;
			relativePath = Features/Home;
		};
		FDED74092C2BF5AE0076CBC6 /* XCLocalSwiftPackageReference "MSFusion" */ = {
			isa = XCLocalSwiftPackageReference;
			relativePath = MSFusion;
		};
/* End XCLocalSwiftPackageReference section */

/* Begin XCRemoteSwiftPackageReference section */
		FD7EFF102C0E149E00093637 /* XCRemoteSwiftPackageReference "SwiftLint" */ = {
			isa = XCRemoteSwiftPackageReference;
			repositoryURL = "https://github.com/realm/SwiftLint";
			requirement = {
				kind = upToNextMajorVersion;
				minimumVersion = 0.55.1;
			};
		};
/* End XCRemoteSwiftPackageReference section */

/* Begin XCSwiftPackageProductDependency section */
		FD0C9DB22C1486C900431233 /* MSSwiftUI */ = {
			isa = XCSwiftPackageProductDependency;
			productName = MSSwiftUI;
		};
		FD0C9DB52C1486D300431233 /* Home */ = {
			isa = XCSwiftPackageProductDependency;
			productName = Home;
		};
		FD7EFF112C0E154400093637 /* SwiftLintBuildToolPlugin */ = {
			isa = XCSwiftPackageProductDependency;
			package = FD7EFF102C0E149E00093637 /* XCRemoteSwiftPackageReference "SwiftLint" */;
			productName = "plugin:SwiftLintBuildToolPlugin";
		};
		FDAD84D52C0F5713003DB689 /* MSSwiftUI */ = {
			isa = XCSwiftPackageProductDependency;
			productName = MSSwiftUI;
		};
		FDAD84D82C0F5721003DB689 /* Home */ = {
			isa = XCSwiftPackageProductDependency;
			productName = Home;
		};
		FDDA4E012C14AA5B00670AEF /* Home */ = {
			isa = XCSwiftPackageProductDependency;
			productName = Home;
		};
		FDDA4E042C14AA6500670AEF /* MSSwiftUI */ = {
			isa = XCSwiftPackageProductDependency;
			productName = MSSwiftUI;
		};
		FDED74072C2BF5990076CBC6 /* Home */ = {
			isa = XCSwiftPackageProductDependency;
			productName = Home;
		};
		FDED740A2C2BF5AE0076CBC6 /* MSSwiftUI */ = {
			isa = XCSwiftPackageProductDependency;
			productName = MSSwiftUI;
		};
/* End XCSwiftPackageProductDependency section */
	};
	rootObject = FD40A4FA2BCD55D300518B9F /* Project object */;
}
